
Microsoft Visual Studio Solution File, Format Version 12.00
# Visual Studio 15
VisualStudioVersion = 15.0.26403.7
MinimumVisualStudioVersion = 10.0.40219.1
Project("{FAE04EC0-301F-11D3-BF4B-00C04F79EFBC}") = "Po-slojni logicheski proverki", "Po-slojni logicheski proverki\Po-slojni logicheski proverki.csproj", "{0AF40295-63A5-484A-B248-62B6FE3AC6D6}"
EndProject
Project("{FAE04EC0-301F-11D3-BF4B-00C04F79EFBC}") = "Personal Titles", "Personal Titles\Personal Titles.csproj", "{59B38E80-21DF-4FF9-82FE-A10E5FC5037D}"
EndProject
Project("{FAE04EC0-301F-11D3-BF4B-00C04F79EFBC}") = "Small Shop", "Small Shop\Small Shop.csproj", "{CA567953-809F-4E3A-AE6A-CCDBE42D866D}"
EndProject
Project("{FAE04EC0-301F-11D3-BF4B-00C04F79EFBC}") = "Tochka v Pravoygylnik", "Tochka v Pravoygylnik\Tochka v Pravoygylnik.csproj", "{F1427265-6AA1-45A5-B76E-9B68BC14F3D9}"
EndProject
Project("{FAE04EC0-301F-11D3-BF4B-00C04F79EFBC}") = "fruit or vegetable", "fruit or vegetable\fruit or vegetable.csproj", "{024B8294-F18B-44B5-9CD7-3968743BBB01}"
EndProject
Project("{FAE04EC0-301F-11D3-BF4B-00C04F79EFBC}") = "Invalid Number", "Invalid Number\Invalid Number.csproj", "{377D5206-7673-4F1B-A5FC-E961B3317854}"
EndProject
Project("{FAE04EC0-301F-11D3-BF4B-00C04F79EFBC}") = "Tochka vyrhu stranata na Pravoygylnik", "Tochka vyrhu stranata na Pravoygylnik\Tochka vyrhu stranata na Pravoygylnik.csproj", "{1A383F3B-740F-47D7-8BDD-72F7FB6E88EB}"
EndProject
Project("{FAE04EC0-301F-11D3-BF4B-00C04F79EFBC}") = "magazin za plodove", "magazin za plodove\magazin za plodove.csproj", "{5AE72C84-B400-418A-9167-2D88944F8AAD}"
EndProject
Project("{FAE04EC0-301F-11D3-BF4B-00C04F79EFBC}") = "Tyrgovski komisionni", "Tyrgovski komisionni\Tyrgovski komisionni.csproj", "{564638B7-6E4E-4FC1-9D05-82D058500CFD}"
EndProject
Project("{FAE04EC0-301F-11D3-BF4B-00C04F79EFBC}") = "Den ot sedmicata(switch case)", "Den ot sedmicata\Den ot sedmicata(switch case).csproj", "{42D5DDC4-7321-4B8B-B627-650216347426}"
EndProject
Project("{FAE04EC0-301F-11D3-BF4B-00C04F79EFBC}") = "klas jivotno", "klas jivotno\klas jivotno.csproj", "{81046360-B750-487D-AD92-4326608373B6}"
EndProject
Project("{FAE04EC0-301F-11D3-BF4B-00C04F79EFBC}") = "Kinoprojekciq", "Kinoprojekciq\Kinoprojekciq.csproj", "{A1F1A04F-DE2F-44AE-9D19-AD71290F5118}"
EndProject
Global
	GlobalSection(SolutionConfigurationPlatforms) = preSolution
		Debug|Any CPU = Debug|Any CPU
		Debug|ARM = Debug|ARM
		Debug|x64 = Debug|x64
		Debug|x86 = Debug|x86
		Release|Any CPU = Release|Any CPU
		Release|ARM = Release|ARM
		Release|x64 = Release|x64
		Release|x86 = Release|x86
	EndGlobalSection
	GlobalSection(ProjectConfigurationPlatforms) = postSolution
		{0AF40295-63A5-484A-B248-62B6FE3AC6D6}.Debug|Any CPU.ActiveCfg = Debug|x86
		{0AF40295-63A5-484A-B248-62B6FE3AC6D6}.Debug|ARM.ActiveCfg = Debug|ARM
		{0AF40295-63A5-484A-B248-62B6FE3AC6D6}.Debug|ARM.Build.0 = Debug|ARM
		{0AF40295-63A5-484A-B248-62B6FE3AC6D6}.Debug|ARM.Deploy.0 = Debug|ARM
		{0AF40295-63A5-484A-B248-62B6FE3AC6D6}.Debug|x64.ActiveCfg = Debug|x64
		{0AF40295-63A5-484A-B248-62B6FE3AC6D6}.Debug|x64.Build.0 = Debug|x64
		{0AF40295-63A5-484A-B248-62B6FE3AC6D6}.Debug|x64.Deploy.0 = Debug|x64
		{0AF40295-63A5-484A-B248-62B6FE3AC6D6}.Debug|x86.ActiveCfg = Debug|x86
		{0AF40295-63A5-484A-B248-62B6FE3AC6D6}.Debug|x86.Build.0 = Debug|x86
		{0AF40295-63A5-484A-B248-62B6FE3AC6D6}.Debug|x86.Deploy.0 = Debug|x86
		{0AF40295-63A5-484A-B248-62B6FE3AC6D6}.Release|Any CPU.ActiveCfg = Release|x86
		{0AF40295-63A5-484A-B248-62B6FE3AC6D6}.Release|ARM.ActiveCfg = Release|ARM
		{0AF40295-63A5-484A-B248-62B6FE3AC6D6}.Release|ARM.Build.0 = Release|ARM
		{0AF40295-63A5-484A-B248-62B6FE3AC6D6}.Release|ARM.Deploy.0 = Release|ARM
		{0AF40295-63A5-484A-B248-62B6FE3AC6D6}.Release|x64.ActiveCfg = Release|x64
		{0AF40295-63A5-484A-B248-62B6FE3AC6D6}.Release|x64.Build.0 = Release|x64
		{0AF40295-63A5-484A-B248-62B6FE3AC6D6}.Release|x64.Deploy.0 = Release|x64
		{0AF40295-63A5-484A-B248-62B6FE3AC6D6}.Release|x86.ActiveCfg = Release|x86
		{0AF40295-63A5-484A-B248-62B6FE3AC6D6}.Release|x86.Build.0 = Release|x86
		{0AF40295-63A5-484A-B248-62B6FE3AC6D6}.Release|x86.Deploy.0 = Release|x86
		{59B38E80-21DF-4FF9-82FE-A10E5FC5037D}.Debug|Any CPU.ActiveCfg = Debug|Any CPU
		{59B38E80-21DF-4FF9-82FE-A10E5FC5037D}.Debug|Any CPU.Build.0 = Debug|Any CPU
		{59B38E80-21DF-4FF9-82FE-A10E5FC5037D}.Debug|ARM.ActiveCfg = Debug|Any CPU
		{59B38E80-21DF-4FF9-82FE-A10E5FC5037D}.Debug|ARM.Build.0 = Debug|Any CPU
		{59B38E80-21DF-4FF9-82FE-A10E5FC5037D}.Debug|x64.ActiveCfg = Debug|Any CPU
		{59B38E80-21DF-4FF9-82FE-A10E5FC5037D}.Debug|x64.Build.0 = Debug|Any CPU
		{59B38E80-21DF-4FF9-82FE-A10E5FC5037D}.Debug|x86.ActiveCfg = Debug|Any CPU
		{59B38E80-21DF-4FF9-82FE-A10E5FC5037D}.Debug|x86.Build.0 = Debug|Any CPU
		{59B38E80-21DF-4FF9-82FE-A10E5FC5037D}.Release|Any CPU.ActiveCfg = Release|Any CPU
		{59B38E80-21DF-4FF9-82FE-A10E5FC5037D}.Release|Any CPU.Build.0 = Release|Any CPU
		{59B38E80-21DF-4FF9-82FE-A10E5FC5037D}.Release|ARM.ActiveCfg = Release|Any CPU
		{59B38E80-21DF-4FF9-82FE-A10E5FC5037D}.Release|ARM.Build.0 = Release|Any CPU
		{59B38E80-21DF-4FF9-82FE-A10E5FC5037D}.Release|x64.ActiveCfg = Release|Any CPU
		{59B38E80-21DF-4FF9-82FE-A10E5FC5037D}.Release|x64.Build.0 = Release|Any CPU
		{59B38E80-21DF-4FF9-82FE-A10E5FC5037D}.Release|x86.ActiveCfg = Release|Any CPU
		{59B38E80-21DF-4FF9-82FE-A10E5FC5037D}.Release|x86.Build.0 = Release|Any CPU
		{CA567953-809F-4E3A-AE6A-CCDBE42D866D}.Debug|Any CPU.ActiveCfg = Debug|Any CPU
		{CA567953-809F-4E3A-AE6A-CCDBE42D866D}.Debug|Any CPU.Build.0 = Debug|Any CPU
		{CA567953-809F-4E3A-AE6A-CCDBE42D866D}.Debug|ARM.ActiveCfg = Debug|Any CPU
		{CA567953-809F-4E3A-AE6A-CCDBE42D866D}.Debug|ARM.Build.0 = Debug|Any CPU
		{CA567953-809F-4E3A-AE6A-CCDBE42D866D}.Debug|x64.ActiveCfg = Debug|Any CPU
		{CA567953-809F-4E3A-AE6A-CCDBE42D866D}.Debug|x64.Build.0 = Debug|Any CPU
		{CA567953-809F-4E3A-AE6A-CCDBE42D866D}.Debug|x86.ActiveCfg = Debug|Any CPU
		{CA567953-809F-4E3A-AE6A-CCDBE42D866D}.Debug|x86.Build.0 = Debug|Any CPU
		{CA567953-809F-4E3A-AE6A-CCDBE42D866D}.Release|Any CPU.ActiveCfg = Release|Any CPU
		{CA567953-809F-4E3A-AE6A-CCDBE42D866D}.Release|Any CPU.Build.0 = Release|Any CPU
		{CA567953-809F-4E3A-AE6A-CCDBE42D866D}.Release|ARM.ActiveCfg = Release|Any CPU
		{CA567953-809F-4E3A-AE6A-CCDBE42D866D}.Release|ARM.Build.0 = Release|Any CPU
		{CA567953-809F-4E3A-AE6A-CCDBE42D866D}.Release|x64.ActiveCfg = Release|Any CPU
		{CA567953-809F-4E3A-AE6A-CCDBE42D866D}.Release|x64.Build.0 = Release|Any CPU
		{CA567953-809F-4E3A-AE6A-CCDBE42D866D}.Release|x86.ActiveCfg = Release|Any CPU
		{CA567953-809F-4E3A-AE6A-CCDBE42D866D}.Release|x86.Build.0 = Release|Any CPU
		{F1427265-6AA1-45A5-B76E-9B68BC14F3D9}.Debug|Any CPU.ActiveCfg = Debug|Any CPU
		{F1427265-6AA1-45A5-B76E-9B68BC14F3D9}.Debug|Any CPU.Build.0 = Debug|Any CPU
		{F1427265-6AA1-45A5-B76E-9B68BC14F3D9}.Debug|ARM.ActiveCfg = Debug|Any CPU
		{F1427265-6AA1-45A5-B76E-9B68BC14F3D9}.Debug|ARM.Build.0 = Debug|Any CPU
		{F1427265-6AA1-45A5-B76E-9B68BC14F3D9}.Debug|x64.ActiveCfg = Debug|Any CPU
		{F1427265-6AA1-45A5-B76E-9B68BC14F3D9}.Debug|x64.Build.0 = Debug|Any CPU
		{F1427265-6AA1-45A5-B76E-9B68BC14F3D9}.Debug|x86.ActiveCfg = Debug|Any CPU
		{F1427265-6AA1-45A5-B76E-9B68BC14F3D9}.Debug|x86.Build.0 = Debug|Any CPU
		{F1427265-6AA1-45A5-B76E-9B68BC14F3D9}.Release|Any CPU.ActiveCfg = Release|Any CPU
		{F1427265-6AA1-45A5-B76E-9B68BC14F3D9}.Release|Any CPU.Build.0 = Release|Any CPU
		{F1427265-6AA1-45A5-B76E-9B68BC14F3D9}.Release|ARM.ActiveCfg = Release|Any CPU
		{F1427265-6AA1-45A5-B76E-9B68BC14F3D9}.Release|ARM.Build.0 = Release|Any CPU
		{F1427265-6AA1-45A5-B76E-9B68BC14F3D9}.Release|x64.ActiveCfg = Release|Any CPU
		{F1427265-6AA1-45A5-B76E-9B68BC14F3D9}.Release|x64.Build.0 = Release|Any CPU
		{F1427265-6AA1-45A5-B76E-9B68BC14F3D9}.Release|x86.ActiveCfg = Release|Any CPU
		{F1427265-6AA1-45A5-B76E-9B68BC14F3D9}.Release|x86.Build.0 = Release|Any CPU
		{024B8294-F18B-44B5-9CD7-3968743BBB01}.Debug|Any CPU.ActiveCfg = Debug|Any CPU
		{024B8294-F18B-44B5-9CD7-3968743BBB01}.Debug|Any CPU.Build.0 = Debug|Any CPU
		{024B8294-F18B-44B5-9CD7-3968743BBB01}.Debug|ARM.ActiveCfg = Debug|Any CPU
		{024B8294-F18B-44B5-9CD7-3968743BBB01}.Debug|ARM.Build.0 = Debug|Any CPU
		{024B8294-F18B-44B5-9CD7-3968743BBB01}.Debug|x64.ActiveCfg = Debug|Any CPU
		{024B8294-F18B-44B5-9CD7-3968743BBB01}.Debug|x64.Build.0 = Debug|Any CPU
		{024B8294-F18B-44B5-9CD7-3968743BBB01}.Debug|x86.ActiveCfg = Debug|Any CPU
		{024B8294-F18B-44B5-9CD7-3968743BBB01}.Debug|x86.Build.0 = Debug|Any CPU
		{024B8294-F18B-44B5-9CD7-3968743BBB01}.Release|Any CPU.ActiveCfg = Release|Any CPU
		{024B8294-F18B-44B5-9CD7-3968743BBB01}.Release|Any CPU.Build.0 = Release|Any CPU
		{024B8294-F18B-44B5-9CD7-3968743BBB01}.Release|ARM.ActiveCfg = Release|Any CPU
		{024B8294-F18B-44B5-9CD7-3968743BBB01}.Release|ARM.Build.0 = Release|Any CPU
		{024B8294-F18B-44B5-9CD7-3968743BBB01}.Release|x64.ActiveCfg = Release|Any CPU
		{024B8294-F18B-44B5-9CD7-3968743BBB01}.Release|x64.Build.0 = Release|Any CPU
		{024B8294-F18B-44B5-9CD7-3968743BBB01}.Release|x86.ActiveCfg = Release|Any CPU
		{024B8294-F18B-44B5-9CD7-3968743BBB01}.Release|x86.Build.0 = Release|Any CPU
		{377D5206-7673-4F1B-A5FC-E961B3317854}.Debug|Any CPU.ActiveCfg = Debug|Any CPU
		{377D5206-7673-4F1B-A5FC-E961B3317854}.Debug|Any CPU.Build.0 = Debug|Any CPU
		{377D5206-7673-4F1B-A5FC-E961B3317854}.Debug|ARM.ActiveCfg = Debug|Any CPU
		{377D5206-7673-4F1B-A5FC-E961B3317854}.Debug|ARM.Build.0 = Debug|Any CPU
		{377D5206-7673-4F1B-A5FC-E961B3317854}.Debug|x64.ActiveCfg = Debug|Any CPU
		{377D5206-7673-4F1B-A5FC-E961B3317854}.Debug|x64.Build.0 = Debug|Any CPU
		{377D5206-7673-4F1B-A5FC-E961B3317854}.Debug|x86.ActiveCfg = Debug|Any CPU
		{377D5206-7673-4F1B-A5FC-E961B3317854}.Debug|x86.Build.0 = Debug|Any CPU
		{377D5206-7673-4F1B-A5FC-E961B3317854}.Release|Any CPU.ActiveCfg = Release|Any CPU
		{377D5206-7673-4F1B-A5FC-E961B3317854}.Release|Any CPU.Build.0 = Release|Any CPU
		{377D5206-7673-4F1B-A5FC-E961B3317854}.Release|ARM.ActiveCfg = Release|Any CPU
		{377D5206-7673-4F1B-A5FC-E961B3317854}.Release|ARM.Build.0 = Release|Any CPU
		{377D5206-7673-4F1B-A5FC-E961B3317854}.Release|x64.ActiveCfg = Release|Any CPU
		{377D5206-7673-4F1B-A5FC-E961B3317854}.Release|x64.Build.0 = Release|Any CPU
		{377D5206-7673-4F1B-A5FC-E961B3317854}.Release|x86.ActiveCfg = Release|Any CPU
		{377D5206-7673-4F1B-A5FC-E961B3317854}.Release|x86.Build.0 = Release|Any CPU
		{1A383F3B-740F-47D7-8BDD-72F7FB6E88EB}.Debug|Any CPU.ActiveCfg = Debug|Any CPU
		{1A383F3B-740F-47D7-8BDD-72F7FB6E88EB}.Debug|Any CPU.Build.0 = Debug|Any CPU
		{1A383F3B-740F-47D7-8BDD-72F7FB6E88EB}.Debug|ARM.ActiveCfg = Debug|Any CPU
		{1A383F3B-740F-47D7-8BDD-72F7FB6E88EB}.Debug|ARM.Build.0 = Debug|Any CPU
		{1A383F3B-740F-47D7-8BDD-72F7FB6E88EB}.Debug|x64.ActiveCfg = Debug|Any CPU
		{1A383F3B-740F-47D7-8BDD-72F7FB6E88EB}.Debug|x64.Build.0 = Debug|Any CPU
		{1A383F3B-740F-47D7-8BDD-72F7FB6E88EB}.Debug|x86.ActiveCfg = Debug|Any CPU
		{1A383F3B-740F-47D7-8BDD-72F7FB6E88EB}.Debug|x86.Build.0 = Debug|Any CPU
		{1A383F3B-740F-47D7-8BDD-72F7FB6E88EB}.Release|Any CPU.ActiveCfg = Release|Any CPU
		{1A383F3B-740F-47D7-8BDD-72F7FB6E88EB}.Release|Any CPU.Build.0 = Release|Any CPU
		{1A383F3B-740F-47D7-8BDD-72F7FB6E88EB}.Release|ARM.ActiveCfg = Release|Any CPU
		{1A383F3B-740F-47D7-8BDD-72F7FB6E88EB}.Release|ARM.Build.0 = Release|Any CPU
		{1A383F3B-740F-47D7-8BDD-72F7FB6E88EB}.Release|x64.ActiveCfg = Release|Any CPU
		{1A383F3B-740F-47D7-8BDD-72F7FB6E88EB}.Release|x64.Build.0 = Release|Any CPU
		{1A383F3B-740F-47D7-8BDD-72F7FB6E88EB}.Release|x86.ActiveCfg = Release|Any CPU
		{1A383F3B-740F-47D7-8BDD-72F7FB6E88EB}.Release|x86.Build.0 = Release|Any CPU
		{5AE72C84-B400-418A-9167-2D88944F8AAD}.Debug|Any CPU.ActiveCfg = Debug|Any CPU
		{5AE72C84-B400-418A-9167-2D88944F8AAD}.Debug|Any CPU.Build.0 = Debug|Any CPU
		{5AE72C84-B400-418A-9167-2D88944F8AAD}.Debug|ARM.ActiveCfg = Debug|Any CPU
		{5AE72C84-B400-418A-9167-2D88944F8AAD}.Debug|ARM.Build.0 = Debug|Any CPU
		{5AE72C84-B400-418A-9167-2D88944F8AAD}.Debug|x64.ActiveCfg = Debug|Any CPU
		{5AE72C84-B400-418A-9167-2D88944F8AAD}.Debug|x64.Build.0 = Debug|Any CPU
		{5AE72C84-B400-418A-9167-2D88944F8AAD}.Debug|x86.ActiveCfg = Debug|Any CPU
		{5AE72C84-B400-418A-9167-2D88944F8AAD}.Debug|x86.Build.0 = Debug|Any CPU
		{5AE72C84-B400-418A-9167-2D88944F8AAD}.Release|Any CPU.ActiveCfg = Release|Any CPU
		{5AE72C84-B400-418A-9167-2D88944F8AAD}.Release|Any CPU.Build.0 = Release|Any CPU
		{5AE72C84-B400-418A-9167-2D88944F8AAD}.Release|ARM.ActiveCfg = Release|Any CPU
		{5AE72C84-B400-418A-9167-2D88944F8AAD}.Release|ARM.Build.0 = Release|Any CPU
		{5AE72C84-B400-418A-9167-2D88944F8AAD}.Release|x64.ActiveCfg = Release|Any CPU
		{5AE72C84-B400-418A-9167-2D88944F8AAD}.Release|x64.Build.0 = Release|Any CPU
		{5AE72C84-B400-418A-9167-2D88944F8AAD}.Release|x86.ActiveCfg = Release|Any CPU
		{5AE72C84-B400-418A-9167-2D88944F8AAD}.Release|x86.Build.0 = Release|Any CPU
		{564638B7-6E4E-4FC1-9D05-82D058500CFD}.Debug|Any CPU.ActiveCfg = Debug|Any CPU
		{564638B7-6E4E-4FC1-9D05-82D058500CFD}.Debug|Any CPU.Build.0 = Debug|Any CPU
		{564638B7-6E4E-4FC1-9D05-82D058500CFD}.Debug|ARM.ActiveCfg = Debug|Any CPU
		{564638B7-6E4E-4FC1-9D05-82D058500CFD}.Debug|ARM.Build.0 = Debug|Any CPU
		{564638B7-6E4E-4FC1-9D05-82D058500CFD}.Debug|x64.ActiveCfg = Debug|Any CPU
		{564638B7-6E4E-4FC1-9D05-82D058500CFD}.Debug|x64.Build.0 = Debug|Any CPU
		{564638B7-6E4E-4FC1-9D05-82D058500CFD}.Debug|x86.ActiveCfg = Debug|Any CPU
		{564638B7-6E4E-4FC1-9D05-82D058500CFD}.Debug|x86.Build.0 = Debug|Any CPU
		{564638B7-6E4E-4FC1-9D05-82D058500CFD}.Release|Any CPU.ActiveCfg = Release|Any CPU
		{564638B7-6E4E-4FC1-9D05-82D058500CFD}.Release|Any CPU.Build.0 = Release|Any CPU
		{564638B7-6E4E-4FC1-9D05-82D058500CFD}.Release|ARM.ActiveCfg = Release|Any CPU
		{564638B7-6E4E-4FC1-9D05-82D058500CFD}.Release|ARM.Build.0 = Release|Any CPU
		{564638B7-6E4E-4FC1-9D05-82D058500CFD}.Release|x64.ActiveCfg = Release|Any CPU
		{564638B7-6E4E-4FC1-9D05-82D058500CFD}.Release|x64.Build.0 = Release|Any CPU
		{564638B7-6E4E-4FC1-9D05-82D058500CFD}.Release|x86.ActiveCfg = Release|Any CPU
		{564638B7-6E4E-4FC1-9D05-82D058500CFD}.Release|x86.Build.0 = Release|Any CPU
		{42D5DDC4-7321-4B8B-B627-650216347426}.Debug|Any CPU.ActiveCfg = Debug|Any CPU
		{42D5DDC4-7321-4B8B-B627-650216347426}.Debug|Any CPU.Build.0 = Debug|Any CPU
		{42D5DDC4-7321-4B8B-B627-650216347426}.Debug|ARM.ActiveCfg = Debug|Any CPU
		{42D5DDC4-7321-4B8B-B627-650216347426}.Debug|ARM.Build.0 = Debug|Any CPU
		{42D5DDC4-7321-4B8B-B627-650216347426}.Debug|x64.ActiveCfg = Debug|Any CPU
		{42D5DDC4-7321-4B8B-B627-650216347426}.Debug|x64.Build.0 = Debug|Any CPU
		{42D5DDC4-7321-4B8B-B627-650216347426}.Debug|x86.ActiveCfg = Debug|Any CPU
		{42D5DDC4-7321-4B8B-B627-650216347426}.Debug|x86.Build.0 = Debug|Any CPU
		{42D5DDC4-7321-4B8B-B627-650216347426}.Release|Any CPU.ActiveCfg = Release|Any CPU
		{42D5DDC4-7321-4B8B-B627-650216347426}.Release|Any CPU.Build.0 = Release|Any CPU
		{42D5DDC4-7321-4B8B-B627-650216347426}.Release|ARM.ActiveCfg = Release|Any CPU
		{42D5DDC4-7321-4B8B-B627-650216347426}.Release|ARM.Build.0 = Release|Any CPU
		{42D5DDC4-7321-4B8B-B627-650216347426}.Release|x64.ActiveCfg = Release|Any CPU
		{42D5DDC4-7321-4B8B-B627-650216347426}.Release|x64.Build.0 = Release|Any CPU
		{42D5DDC4-7321-4B8B-B627-650216347426}.Release|x86.ActiveCfg = Release|Any CPU
		{42D5DDC4-7321-4B8B-B627-650216347426}.Release|x86.Build.0 = Release|Any CPU
		{81046360-B750-487D-AD92-4326608373B6}.Debug|Any CPU.ActiveCfg = Debug|Any CPU
		{81046360-B750-487D-AD92-4326608373B6}.Debug|Any CPU.Build.0 = Debug|Any CPU
		{81046360-B750-487D-AD92-4326608373B6}.Debug|ARM.ActiveCfg = Debug|Any CPU
		{81046360-B750-487D-AD92-4326608373B6}.Debug|ARM.Build.0 = Debug|Any CPU
		{81046360-B750-487D-AD92-4326608373B6}.Debug|x64.ActiveCfg = Debug|Any CPU
		{81046360-B750-487D-AD92-4326608373B6}.Debug|x64.Build.0 = Debug|Any CPU
		{81046360-B750-487D-AD92-4326608373B6}.Debug|x86.ActiveCfg = Debug|Any CPU
		{81046360-B750-487D-AD92-4326608373B6}.Debug|x86.Build.0 = Debug|Any CPU
		{81046360-B750-487D-AD92-4326608373B6}.Release|Any CPU.ActiveCfg = Release|Any CPU
		{81046360-B750-487D-AD92-4326608373B6}.Release|Any CPU.Build.0 = Release|Any CPU
		{81046360-B750-487D-AD92-4326608373B6}.Release|ARM.ActiveCfg = Release|Any CPU
		{81046360-B750-487D-AD92-4326608373B6}.Release|ARM.Build.0 = Release|Any CPU
		{81046360-B750-487D-AD92-4326608373B6}.Release|x64.ActiveCfg = Release|Any CPU
		{81046360-B750-487D-AD92-4326608373B6}.Release|x64.Build.0 = Release|Any CPU
		{81046360-B750-487D-AD92-4326608373B6}.Release|x86.ActiveCfg = Release|Any CPU
		{81046360-B750-487D-AD92-4326608373B6}.Release|x86.Build.0 = Release|Any CPU
		{A1F1A04F-DE2F-44AE-9D19-AD71290F5118}.Debug|Any CPU.ActiveCfg = Debug|Any CPU
		{A1F1A04F-DE2F-44AE-9D19-AD71290F5118}.Debug|Any CPU.Build.0 = Debug|Any CPU
		{A1F1A04F-DE2F-44AE-9D19-AD71290F5118}.Debug|ARM.ActiveCfg = Debug|Any CPU
		{A1F1A04F-DE2F-44AE-9D19-AD71290F5118}.Debug|ARM.Build.0 = Debug|Any CPU
		{A1F1A04F-DE2F-44AE-9D19-AD71290F5118}.Debug|x64.ActiveCfg = Debug|Any CPU
		{A1F1A04F-DE2F-44AE-9D19-AD71290F5118}.Debug|x64.Build.0 = Debug|Any CPU
		{A1F1A04F-DE2F-44AE-9D19-AD71290F5118}.Debug|x86.ActiveCfg = Debug|Any CPU
		{A1F1A04F-DE2F-44AE-9D19-AD71290F5118}.Debug|x86.Build.0 = Debug|Any CPU
		{A1F1A04F-DE2F-44AE-9D19-AD71290F5118}.Release|Any CPU.ActiveCfg = Release|Any CPU
		{A1F1A04F-DE2F-44AE-9D19-AD71290F5118}.Release|Any CPU.Build.0 = Release|Any CPU
		{A1F1A04F-DE2F-44AE-9D19-AD71290F5118}.Release|ARM.ActiveCfg = Release|Any CPU
		{A1F1A04F-DE2F-44AE-9D19-AD71290F5118}.Release|ARM.Build.0 = Release|Any CPU
		{A1F1A04F-DE2F-44AE-9D19-AD71290F5118}.Release|x64.ActiveCfg = Release|Any CPU
		{A1F1A04F-DE2F-44AE-9D19-AD71290F5118}.Release|x64.Build.0 = Release|Any CPU
		{A1F1A04F-DE2F-44AE-9D19-AD71290F5118}.Release|x86.ActiveCfg = Release|Any CPU
		{A1F1A04F-DE2F-44AE-9D19-AD71290F5118}.Release|x86.Build.0 = Release|Any CPU
	EndGlobalSection
	GlobalSection(SolutionProperties) = preSolution
		HideSolutionNode = FALSE
	EndGlobalSection
EndGlobal
