
Microsoft Visual Studio Solution File, Format Version 12.00
# Visual Studio 15
VisualStudioVersion = 15.0.26403.7
MinimumVisualStudioVersion = 10.0.40219.1
Project("{FAE04EC0-301F-11D3-BF4B-00C04F79EFBC}") = "EXAM", "EXAM\EXAM.csproj", "{CFA4A198-CBB1-4F59-AF89-889AA2C3DBCE}"
EndProject
Project("{FAE04EC0-301F-11D3-BF4B-00C04F79EFBC}") = "Blagotvoritelna kampaniq", "Blagotvoritelna kampaniq\Blagotvoritelna kampaniq.csproj", "{A9538D8D-CBDF-4540-B425-586679AF1C11}"
EndProject
Project("{FAE04EC0-301F-11D3-BF4B-00C04F79EFBC}") = "Svetoven rekord po pluvane", "Svetoven rekord po pluvane\Svetoven rekord po pluvane.csproj", "{92A3EFF1-AEC7-4699-83BE-A9CF9AFF0766}"
EndProject
Project("{FAE04EC0-301F-11D3-BF4B-00C04F79EFBC}") = "Plodovi kokteili", "Plodovi kokteili\Plodovi kokteili.csproj", "{5155C932-2EBD-4425-AF00-D863DD0F6EBD}"
EndProject
Project("{FAE04EC0-301F-11D3-BF4B-00C04F79EFBC}") = "Parichna nagrada", "Parichna nagrada\Parichna nagrada.csproj", "{F9E88FFB-B3FC-4F06-99D4-8FC19196C85A}"
EndProject
Project("{FAE04EC0-301F-11D3-BF4B-00C04F79EFBC}") = "Sbor ili proizvedenie", "Sbor ili proizvedenie\Sbor ili proizvedenie.csproj", "{4359ECFC-E0EF-4004-B475-51D774A4E8BB}"
EndProject
Project("{FAE04EC0-301F-11D3-BF4B-00C04F79EFBC}") = "figura", "figura\figura.csproj", "{31718455-223E-4598-B4A4-6933BEFE3803}"
EndProject
Project("{FAE04EC0-301F-11D3-BF4B-00C04F79EFBC}") = "2ra zad", "2ra zad\2ra zad.csproj", "{823DABEB-F435-4C54-B665-2C5B39A4F1F9}"
EndProject
Global
	GlobalSection(SolutionConfigurationPlatforms) = preSolution
		Debug|Any CPU = Debug|Any CPU
		Debug|ARM = Debug|ARM
		Debug|x64 = Debug|x64
		Debug|x86 = Debug|x86
		Release|Any CPU = Release|Any CPU
		Release|ARM = Release|ARM
		Release|x64 = Release|x64
		Release|x86 = Release|x86
	EndGlobalSection
	GlobalSection(ProjectConfigurationPlatforms) = postSolution
		{CFA4A198-CBB1-4F59-AF89-889AA2C3DBCE}.Debug|Any CPU.ActiveCfg = Debug|x86
		{CFA4A198-CBB1-4F59-AF89-889AA2C3DBCE}.Debug|ARM.ActiveCfg = Debug|ARM
		{CFA4A198-CBB1-4F59-AF89-889AA2C3DBCE}.Debug|ARM.Build.0 = Debug|ARM
		{CFA4A198-CBB1-4F59-AF89-889AA2C3DBCE}.Debug|ARM.Deploy.0 = Debug|ARM
		{CFA4A198-CBB1-4F59-AF89-889AA2C3DBCE}.Debug|x64.ActiveCfg = Debug|x64
		{CFA4A198-CBB1-4F59-AF89-889AA2C3DBCE}.Debug|x64.Build.0 = Debug|x64
		{CFA4A198-CBB1-4F59-AF89-889AA2C3DBCE}.Debug|x64.Deploy.0 = Debug|x64
		{CFA4A198-CBB1-4F59-AF89-889AA2C3DBCE}.Debug|x86.ActiveCfg = Debug|x86
		{CFA4A198-CBB1-4F59-AF89-889AA2C3DBCE}.Debug|x86.Build.0 = Debug|x86
		{CFA4A198-CBB1-4F59-AF89-889AA2C3DBCE}.Debug|x86.Deploy.0 = Debug|x86
		{CFA4A198-CBB1-4F59-AF89-889AA2C3DBCE}.Release|Any CPU.ActiveCfg = Release|x86
		{CFA4A198-CBB1-4F59-AF89-889AA2C3DBCE}.Release|ARM.ActiveCfg = Release|ARM
		{CFA4A198-CBB1-4F59-AF89-889AA2C3DBCE}.Release|ARM.Build.0 = Release|ARM
		{CFA4A198-CBB1-4F59-AF89-889AA2C3DBCE}.Release|ARM.Deploy.0 = Release|ARM
		{CFA4A198-CBB1-4F59-AF89-889AA2C3DBCE}.Release|x64.ActiveCfg = Release|x64
		{CFA4A198-CBB1-4F59-AF89-889AA2C3DBCE}.Release|x64.Build.0 = Release|x64
		{CFA4A198-CBB1-4F59-AF89-889AA2C3DBCE}.Release|x64.Deploy.0 = Release|x64
		{CFA4A198-CBB1-4F59-AF89-889AA2C3DBCE}.Release|x86.ActiveCfg = Release|x86
		{CFA4A198-CBB1-4F59-AF89-889AA2C3DBCE}.Release|x86.Build.0 = Release|x86
		{CFA4A198-CBB1-4F59-AF89-889AA2C3DBCE}.Release|x86.Deploy.0 = Release|x86
		{A9538D8D-CBDF-4540-B425-586679AF1C11}.Debug|Any CPU.ActiveCfg = Debug|Any CPU
		{A9538D8D-CBDF-4540-B425-586679AF1C11}.Debug|Any CPU.Build.0 = Debug|Any CPU
		{A9538D8D-CBDF-4540-B425-586679AF1C11}.Debug|ARM.ActiveCfg = Debug|Any CPU
		{A9538D8D-CBDF-4540-B425-586679AF1C11}.Debug|ARM.Build.0 = Debug|Any CPU
		{A9538D8D-CBDF-4540-B425-586679AF1C11}.Debug|x64.ActiveCfg = Debug|Any CPU
		{A9538D8D-CBDF-4540-B425-586679AF1C11}.Debug|x64.Build.0 = Debug|Any CPU
		{A9538D8D-CBDF-4540-B425-586679AF1C11}.Debug|x86.ActiveCfg = Debug|Any CPU
		{A9538D8D-CBDF-4540-B425-586679AF1C11}.Debug|x86.Build.0 = Debug|Any CPU
		{A9538D8D-CBDF-4540-B425-586679AF1C11}.Release|Any CPU.ActiveCfg = Release|Any CPU
		{A9538D8D-CBDF-4540-B425-586679AF1C11}.Release|Any CPU.Build.0 = Release|Any CPU
		{A9538D8D-CBDF-4540-B425-586679AF1C11}.Release|ARM.ActiveCfg = Release|Any CPU
		{A9538D8D-CBDF-4540-B425-586679AF1C11}.Release|ARM.Build.0 = Release|Any CPU
		{A9538D8D-CBDF-4540-B425-586679AF1C11}.Release|x64.ActiveCfg = Release|Any CPU
		{A9538D8D-CBDF-4540-B425-586679AF1C11}.Release|x64.Build.0 = Release|Any CPU
		{A9538D8D-CBDF-4540-B425-586679AF1C11}.Release|x86.ActiveCfg = Release|Any CPU
		{A9538D8D-CBDF-4540-B425-586679AF1C11}.Release|x86.Build.0 = Release|Any CPU
		{92A3EFF1-AEC7-4699-83BE-A9CF9AFF0766}.Debug|Any CPU.ActiveCfg = Debug|Any CPU
		{92A3EFF1-AEC7-4699-83BE-A9CF9AFF0766}.Debug|Any CPU.Build.0 = Debug|Any CPU
		{92A3EFF1-AEC7-4699-83BE-A9CF9AFF0766}.Debug|ARM.ActiveCfg = Debug|Any CPU
		{92A3EFF1-AEC7-4699-83BE-A9CF9AFF0766}.Debug|ARM.Build.0 = Debug|Any CPU
		{92A3EFF1-AEC7-4699-83BE-A9CF9AFF0766}.Debug|x64.ActiveCfg = Debug|Any CPU
		{92A3EFF1-AEC7-4699-83BE-A9CF9AFF0766}.Debug|x64.Build.0 = Debug|Any CPU
		{92A3EFF1-AEC7-4699-83BE-A9CF9AFF0766}.Debug|x86.ActiveCfg = Debug|Any CPU
		{92A3EFF1-AEC7-4699-83BE-A9CF9AFF0766}.Debug|x86.Build.0 = Debug|Any CPU
		{92A3EFF1-AEC7-4699-83BE-A9CF9AFF0766}.Release|Any CPU.ActiveCfg = Release|Any CPU
		{92A3EFF1-AEC7-4699-83BE-A9CF9AFF0766}.Release|Any CPU.Build.0 = Release|Any CPU
		{92A3EFF1-AEC7-4699-83BE-A9CF9AFF0766}.Release|ARM.ActiveCfg = Release|Any CPU
		{92A3EFF1-AEC7-4699-83BE-A9CF9AFF0766}.Release|ARM.Build.0 = Release|Any CPU
		{92A3EFF1-AEC7-4699-83BE-A9CF9AFF0766}.Release|x64.ActiveCfg = Release|Any CPU
		{92A3EFF1-AEC7-4699-83BE-A9CF9AFF0766}.Release|x64.Build.0 = Release|Any CPU
		{92A3EFF1-AEC7-4699-83BE-A9CF9AFF0766}.Release|x86.ActiveCfg = Release|Any CPU
		{92A3EFF1-AEC7-4699-83BE-A9CF9AFF0766}.Release|x86.Build.0 = Release|Any CPU
		{5155C932-2EBD-4425-AF00-D863DD0F6EBD}.Debug|Any CPU.ActiveCfg = Debug|Any CPU
		{5155C932-2EBD-4425-AF00-D863DD0F6EBD}.Debug|Any CPU.Build.0 = Debug|Any CPU
		{5155C932-2EBD-4425-AF00-D863DD0F6EBD}.Debug|ARM.ActiveCfg = Debug|Any CPU
		{5155C932-2EBD-4425-AF00-D863DD0F6EBD}.Debug|ARM.Build.0 = Debug|Any CPU
		{5155C932-2EBD-4425-AF00-D863DD0F6EBD}.Debug|x64.ActiveCfg = Debug|Any CPU
		{5155C932-2EBD-4425-AF00-D863DD0F6EBD}.Debug|x64.Build.0 = Debug|Any CPU
		{5155C932-2EBD-4425-AF00-D863DD0F6EBD}.Debug|x86.ActiveCfg = Debug|Any CPU
		{5155C932-2EBD-4425-AF00-D863DD0F6EBD}.Debug|x86.Build.0 = Debug|Any CPU
		{5155C932-2EBD-4425-AF00-D863DD0F6EBD}.Release|Any CPU.ActiveCfg = Release|Any CPU
		{5155C932-2EBD-4425-AF00-D863DD0F6EBD}.Release|Any CPU.Build.0 = Release|Any CPU
		{5155C932-2EBD-4425-AF00-D863DD0F6EBD}.Release|ARM.ActiveCfg = Release|Any CPU
		{5155C932-2EBD-4425-AF00-D863DD0F6EBD}.Release|ARM.Build.0 = Release|Any CPU
		{5155C932-2EBD-4425-AF00-D863DD0F6EBD}.Release|x64.ActiveCfg = Release|Any CPU
		{5155C932-2EBD-4425-AF00-D863DD0F6EBD}.Release|x64.Build.0 = Release|Any CPU
		{5155C932-2EBD-4425-AF00-D863DD0F6EBD}.Release|x86.ActiveCfg = Release|Any CPU
		{5155C932-2EBD-4425-AF00-D863DD0F6EBD}.Release|x86.Build.0 = Release|Any CPU
		{F9E88FFB-B3FC-4F06-99D4-8FC19196C85A}.Debug|Any CPU.ActiveCfg = Debug|Any CPU
		{F9E88FFB-B3FC-4F06-99D4-8FC19196C85A}.Debug|Any CPU.Build.0 = Debug|Any CPU
		{F9E88FFB-B3FC-4F06-99D4-8FC19196C85A}.Debug|ARM.ActiveCfg = Debug|Any CPU
		{F9E88FFB-B3FC-4F06-99D4-8FC19196C85A}.Debug|ARM.Build.0 = Debug|Any CPU
		{F9E88FFB-B3FC-4F06-99D4-8FC19196C85A}.Debug|x64.ActiveCfg = Debug|Any CPU
		{F9E88FFB-B3FC-4F06-99D4-8FC19196C85A}.Debug|x64.Build.0 = Debug|Any CPU
		{F9E88FFB-B3FC-4F06-99D4-8FC19196C85A}.Debug|x86.ActiveCfg = Debug|Any CPU
		{F9E88FFB-B3FC-4F06-99D4-8FC19196C85A}.Debug|x86.Build.0 = Debug|Any CPU
		{F9E88FFB-B3FC-4F06-99D4-8FC19196C85A}.Release|Any CPU.ActiveCfg = Release|Any CPU
		{F9E88FFB-B3FC-4F06-99D4-8FC19196C85A}.Release|Any CPU.Build.0 = Release|Any CPU
		{F9E88FFB-B3FC-4F06-99D4-8FC19196C85A}.Release|ARM.ActiveCfg = Release|Any CPU
		{F9E88FFB-B3FC-4F06-99D4-8FC19196C85A}.Release|ARM.Build.0 = Release|Any CPU
		{F9E88FFB-B3FC-4F06-99D4-8FC19196C85A}.Release|x64.ActiveCfg = Release|Any CPU
		{F9E88FFB-B3FC-4F06-99D4-8FC19196C85A}.Release|x64.Build.0 = Release|Any CPU
		{F9E88FFB-B3FC-4F06-99D4-8FC19196C85A}.Release|x86.ActiveCfg = Release|Any CPU
		{F9E88FFB-B3FC-4F06-99D4-8FC19196C85A}.Release|x86.Build.0 = Release|Any CPU
		{4359ECFC-E0EF-4004-B475-51D774A4E8BB}.Debug|Any CPU.ActiveCfg = Debug|Any CPU
		{4359ECFC-E0EF-4004-B475-51D774A4E8BB}.Debug|Any CPU.Build.0 = Debug|Any CPU
		{4359ECFC-E0EF-4004-B475-51D774A4E8BB}.Debug|ARM.ActiveCfg = Debug|Any CPU
		{4359ECFC-E0EF-4004-B475-51D774A4E8BB}.Debug|ARM.Build.0 = Debug|Any CPU
		{4359ECFC-E0EF-4004-B475-51D774A4E8BB}.Debug|x64.ActiveCfg = Debug|Any CPU
		{4359ECFC-E0EF-4004-B475-51D774A4E8BB}.Debug|x64.Build.0 = Debug|Any CPU
		{4359ECFC-E0EF-4004-B475-51D774A4E8BB}.Debug|x86.ActiveCfg = Debug|Any CPU
		{4359ECFC-E0EF-4004-B475-51D774A4E8BB}.Debug|x86.Build.0 = Debug|Any CPU
		{4359ECFC-E0EF-4004-B475-51D774A4E8BB}.Release|Any CPU.ActiveCfg = Release|Any CPU
		{4359ECFC-E0EF-4004-B475-51D774A4E8BB}.Release|Any CPU.Build.0 = Release|Any CPU
		{4359ECFC-E0EF-4004-B475-51D774A4E8BB}.Release|ARM.ActiveCfg = Release|Any CPU
		{4359ECFC-E0EF-4004-B475-51D774A4E8BB}.Release|ARM.Build.0 = Release|Any CPU
		{4359ECFC-E0EF-4004-B475-51D774A4E8BB}.Release|x64.ActiveCfg = Release|Any CPU
		{4359ECFC-E0EF-4004-B475-51D774A4E8BB}.Release|x64.Build.0 = Release|Any CPU
		{4359ECFC-E0EF-4004-B475-51D774A4E8BB}.Release|x86.ActiveCfg = Release|Any CPU
		{4359ECFC-E0EF-4004-B475-51D774A4E8BB}.Release|x86.Build.0 = Release|Any CPU
		{31718455-223E-4598-B4A4-6933BEFE3803}.Debug|Any CPU.ActiveCfg = Debug|Any CPU
		{31718455-223E-4598-B4A4-6933BEFE3803}.Debug|Any CPU.Build.0 = Debug|Any CPU
		{31718455-223E-4598-B4A4-6933BEFE3803}.Debug|ARM.ActiveCfg = Debug|Any CPU
		{31718455-223E-4598-B4A4-6933BEFE3803}.Debug|ARM.Build.0 = Debug|Any CPU
		{31718455-223E-4598-B4A4-6933BEFE3803}.Debug|x64.ActiveCfg = Debug|Any CPU
		{31718455-223E-4598-B4A4-6933BEFE3803}.Debug|x64.Build.0 = Debug|Any CPU
		{31718455-223E-4598-B4A4-6933BEFE3803}.Debug|x86.ActiveCfg = Debug|Any CPU
		{31718455-223E-4598-B4A4-6933BEFE3803}.Debug|x86.Build.0 = Debug|Any CPU
		{31718455-223E-4598-B4A4-6933BEFE3803}.Release|Any CPU.ActiveCfg = Release|Any CPU
		{31718455-223E-4598-B4A4-6933BEFE3803}.Release|Any CPU.Build.0 = Release|Any CPU
		{31718455-223E-4598-B4A4-6933BEFE3803}.Release|ARM.ActiveCfg = Release|Any CPU
		{31718455-223E-4598-B4A4-6933BEFE3803}.Release|ARM.Build.0 = Release|Any CPU
		{31718455-223E-4598-B4A4-6933BEFE3803}.Release|x64.ActiveCfg = Release|Any CPU
		{31718455-223E-4598-B4A4-6933BEFE3803}.Release|x64.Build.0 = Release|Any CPU
		{31718455-223E-4598-B4A4-6933BEFE3803}.Release|x86.ActiveCfg = Release|Any CPU
		{31718455-223E-4598-B4A4-6933BEFE3803}.Release|x86.Build.0 = Release|Any CPU
		{823DABEB-F435-4C54-B665-2C5B39A4F1F9}.Debug|Any CPU.ActiveCfg = Debug|Any CPU
		{823DABEB-F435-4C54-B665-2C5B39A4F1F9}.Debug|Any CPU.Build.0 = Debug|Any CPU
		{823DABEB-F435-4C54-B665-2C5B39A4F1F9}.Debug|ARM.ActiveCfg = Debug|Any CPU
		{823DABEB-F435-4C54-B665-2C5B39A4F1F9}.Debug|ARM.Build.0 = Debug|Any CPU
		{823DABEB-F435-4C54-B665-2C5B39A4F1F9}.Debug|x64.ActiveCfg = Debug|Any CPU
		{823DABEB-F435-4C54-B665-2C5B39A4F1F9}.Debug|x64.Build.0 = Debug|Any CPU
		{823DABEB-F435-4C54-B665-2C5B39A4F1F9}.Debug|x86.ActiveCfg = Debug|Any CPU
		{823DABEB-F435-4C54-B665-2C5B39A4F1F9}.Debug|x86.Build.0 = Debug|Any CPU
		{823DABEB-F435-4C54-B665-2C5B39A4F1F9}.Release|Any CPU.ActiveCfg = Release|Any CPU
		{823DABEB-F435-4C54-B665-2C5B39A4F1F9}.Release|Any CPU.Build.0 = Release|Any CPU
		{823DABEB-F435-4C54-B665-2C5B39A4F1F9}.Release|ARM.ActiveCfg = Release|Any CPU
		{823DABEB-F435-4C54-B665-2C5B39A4F1F9}.Release|ARM.Build.0 = Release|Any CPU
		{823DABEB-F435-4C54-B665-2C5B39A4F1F9}.Release|x64.ActiveCfg = Release|Any CPU
		{823DABEB-F435-4C54-B665-2C5B39A4F1F9}.Release|x64.Build.0 = Release|Any CPU
		{823DABEB-F435-4C54-B665-2C5B39A4F1F9}.Release|x86.ActiveCfg = Release|Any CPU
		{823DABEB-F435-4C54-B665-2C5B39A4F1F9}.Release|x86.Build.0 = Release|Any CPU
	EndGlobalSection
	GlobalSection(SolutionProperties) = preSolution
		HideSolutionNode = FALSE
	EndGlobalSection
EndGlobal
