
Microsoft Visual Studio Solution File, Format Version 12.00
# Visual Studio 15
VisualStudioVersion = 15.0.26403.7
MinimumVisualStudioVersion = 10.0.40219.1
Project("{FAE04EC0-301F-11D3-BF4B-00C04F79EFBC}") = "Po-slojni cikli (while)", "Po-slojni cikli (while)\Po-slojni cikli (while).csproj", "{668E7212-843E-4330-AE18-3CD50181A2B8}"
EndProject
Project("{FAE04EC0-301F-11D3-BF4B-00C04F79EFBC}") = "chislata prez 3", "chislata prez 3\chislata prez 3.csproj", "{934B30D5-0C46-414C-BDAE-2EF9A48F1C72}"
EndProject
Project("{FAE04EC0-301F-11D3-BF4B-00C04F79EFBC}") = "ot N naobratno", "ot N naobratno\ot N naobratno.csproj", "{02E5A9DF-E14A-40A1-83DC-5E7B178A6CC9}"
EndProject
Project("{FAE04EC0-301F-11D3-BF4B-00C04F79EFBC}") = "stepeni na 2 do N", "stepeni na 2 do N\stepeni na 2 do N.csproj", "{BA18C2AF-410A-4123-BDC6-276F4FF5240B}"
EndProject
Project("{FAE04EC0-301F-11D3-BF4B-00C04F79EFBC}") = "chetni stepeni na 2", "chetni stepeni na 2\chetni stepeni na 2.csproj", "{EBE45826-30A0-4B85-A8A7-24731B96EEAF}"
EndProject
Project("{FAE04EC0-301F-11D3-BF4B-00C04F79EFBC}") = "redica chisla 2k+1", "redica chisla 2k+1\redica chisla 2k+1.csproj", "{1B31B7D0-3956-477B-9CEF-5A602859DCE3}"
EndProject
Project("{FAE04EC0-301F-11D3-BF4B-00C04F79EFBC}") = "chislo v diapazona 1..100 (while)", "chislo v diapazona 1..100 (while)\chislo v diapazona 1..100 (while).csproj", "{FF507E18-C53A-46E7-9AAA-CFA6D5E08B65}"
EndProject
Project("{FAE04EC0-301F-11D3-BF4B-00C04F79EFBC}") = "faktoriel", "faktoriel\faktoriel.csproj", "{02786489-297D-4EC5-9C78-E5C74C7B0903}"
EndProject
Project("{FAE04EC0-301F-11D3-BF4B-00C04F79EFBC}") = "NOD (evklid)", "NOD (evklid)\NOD (evklid).csproj", "{54980B46-D04C-4352-BE89-0AE143F1A631}"
EndProject
Global
	GlobalSection(SolutionConfigurationPlatforms) = preSolution
		Debug|Any CPU = Debug|Any CPU
		Debug|ARM = Debug|ARM
		Debug|x64 = Debug|x64
		Debug|x86 = Debug|x86
		Release|Any CPU = Release|Any CPU
		Release|ARM = Release|ARM
		Release|x64 = Release|x64
		Release|x86 = Release|x86
	EndGlobalSection
	GlobalSection(ProjectConfigurationPlatforms) = postSolution
		{668E7212-843E-4330-AE18-3CD50181A2B8}.Debug|Any CPU.ActiveCfg = Debug|x86
		{668E7212-843E-4330-AE18-3CD50181A2B8}.Debug|ARM.ActiveCfg = Debug|ARM
		{668E7212-843E-4330-AE18-3CD50181A2B8}.Debug|ARM.Build.0 = Debug|ARM
		{668E7212-843E-4330-AE18-3CD50181A2B8}.Debug|ARM.Deploy.0 = Debug|ARM
		{668E7212-843E-4330-AE18-3CD50181A2B8}.Debug|x64.ActiveCfg = Debug|x64
		{668E7212-843E-4330-AE18-3CD50181A2B8}.Debug|x64.Build.0 = Debug|x64
		{668E7212-843E-4330-AE18-3CD50181A2B8}.Debug|x64.Deploy.0 = Debug|x64
		{668E7212-843E-4330-AE18-3CD50181A2B8}.Debug|x86.ActiveCfg = Debug|x86
		{668E7212-843E-4330-AE18-3CD50181A2B8}.Debug|x86.Build.0 = Debug|x86
		{668E7212-843E-4330-AE18-3CD50181A2B8}.Debug|x86.Deploy.0 = Debug|x86
		{668E7212-843E-4330-AE18-3CD50181A2B8}.Release|Any CPU.ActiveCfg = Release|x86
		{668E7212-843E-4330-AE18-3CD50181A2B8}.Release|ARM.ActiveCfg = Release|ARM
		{668E7212-843E-4330-AE18-3CD50181A2B8}.Release|ARM.Build.0 = Release|ARM
		{668E7212-843E-4330-AE18-3CD50181A2B8}.Release|ARM.Deploy.0 = Release|ARM
		{668E7212-843E-4330-AE18-3CD50181A2B8}.Release|x64.ActiveCfg = Release|x64
		{668E7212-843E-4330-AE18-3CD50181A2B8}.Release|x64.Build.0 = Release|x64
		{668E7212-843E-4330-AE18-3CD50181A2B8}.Release|x64.Deploy.0 = Release|x64
		{668E7212-843E-4330-AE18-3CD50181A2B8}.Release|x86.ActiveCfg = Release|x86
		{668E7212-843E-4330-AE18-3CD50181A2B8}.Release|x86.Build.0 = Release|x86
		{668E7212-843E-4330-AE18-3CD50181A2B8}.Release|x86.Deploy.0 = Release|x86
		{934B30D5-0C46-414C-BDAE-2EF9A48F1C72}.Debug|Any CPU.ActiveCfg = Debug|Any CPU
		{934B30D5-0C46-414C-BDAE-2EF9A48F1C72}.Debug|Any CPU.Build.0 = Debug|Any CPU
		{934B30D5-0C46-414C-BDAE-2EF9A48F1C72}.Debug|ARM.ActiveCfg = Debug|Any CPU
		{934B30D5-0C46-414C-BDAE-2EF9A48F1C72}.Debug|ARM.Build.0 = Debug|Any CPU
		{934B30D5-0C46-414C-BDAE-2EF9A48F1C72}.Debug|x64.ActiveCfg = Debug|Any CPU
		{934B30D5-0C46-414C-BDAE-2EF9A48F1C72}.Debug|x64.Build.0 = Debug|Any CPU
		{934B30D5-0C46-414C-BDAE-2EF9A48F1C72}.Debug|x86.ActiveCfg = Debug|Any CPU
		{934B30D5-0C46-414C-BDAE-2EF9A48F1C72}.Debug|x86.Build.0 = Debug|Any CPU
		{934B30D5-0C46-414C-BDAE-2EF9A48F1C72}.Release|Any CPU.ActiveCfg = Release|Any CPU
		{934B30D5-0C46-414C-BDAE-2EF9A48F1C72}.Release|Any CPU.Build.0 = Release|Any CPU
		{934B30D5-0C46-414C-BDAE-2EF9A48F1C72}.Release|ARM.ActiveCfg = Release|Any CPU
		{934B30D5-0C46-414C-BDAE-2EF9A48F1C72}.Release|ARM.Build.0 = Release|Any CPU
		{934B30D5-0C46-414C-BDAE-2EF9A48F1C72}.Release|x64.ActiveCfg = Release|Any CPU
		{934B30D5-0C46-414C-BDAE-2EF9A48F1C72}.Release|x64.Build.0 = Release|Any CPU
		{934B30D5-0C46-414C-BDAE-2EF9A48F1C72}.Release|x86.ActiveCfg = Release|Any CPU
		{934B30D5-0C46-414C-BDAE-2EF9A48F1C72}.Release|x86.Build.0 = Release|Any CPU
		{02E5A9DF-E14A-40A1-83DC-5E7B178A6CC9}.Debug|Any CPU.ActiveCfg = Debug|Any CPU
		{02E5A9DF-E14A-40A1-83DC-5E7B178A6CC9}.Debug|Any CPU.Build.0 = Debug|Any CPU
		{02E5A9DF-E14A-40A1-83DC-5E7B178A6CC9}.Debug|ARM.ActiveCfg = Debug|Any CPU
		{02E5A9DF-E14A-40A1-83DC-5E7B178A6CC9}.Debug|ARM.Build.0 = Debug|Any CPU
		{02E5A9DF-E14A-40A1-83DC-5E7B178A6CC9}.Debug|x64.ActiveCfg = Debug|Any CPU
		{02E5A9DF-E14A-40A1-83DC-5E7B178A6CC9}.Debug|x64.Build.0 = Debug|Any CPU
		{02E5A9DF-E14A-40A1-83DC-5E7B178A6CC9}.Debug|x86.ActiveCfg = Debug|Any CPU
		{02E5A9DF-E14A-40A1-83DC-5E7B178A6CC9}.Debug|x86.Build.0 = Debug|Any CPU
		{02E5A9DF-E14A-40A1-83DC-5E7B178A6CC9}.Release|Any CPU.ActiveCfg = Release|Any CPU
		{02E5A9DF-E14A-40A1-83DC-5E7B178A6CC9}.Release|Any CPU.Build.0 = Release|Any CPU
		{02E5A9DF-E14A-40A1-83DC-5E7B178A6CC9}.Release|ARM.ActiveCfg = Release|Any CPU
		{02E5A9DF-E14A-40A1-83DC-5E7B178A6CC9}.Release|ARM.Build.0 = Release|Any CPU
		{02E5A9DF-E14A-40A1-83DC-5E7B178A6CC9}.Release|x64.ActiveCfg = Release|Any CPU
		{02E5A9DF-E14A-40A1-83DC-5E7B178A6CC9}.Release|x64.Build.0 = Release|Any CPU
		{02E5A9DF-E14A-40A1-83DC-5E7B178A6CC9}.Release|x86.ActiveCfg = Release|Any CPU
		{02E5A9DF-E14A-40A1-83DC-5E7B178A6CC9}.Release|x86.Build.0 = Release|Any CPU
		{BA18C2AF-410A-4123-BDC6-276F4FF5240B}.Debug|Any CPU.ActiveCfg = Debug|Any CPU
		{BA18C2AF-410A-4123-BDC6-276F4FF5240B}.Debug|Any CPU.Build.0 = Debug|Any CPU
		{BA18C2AF-410A-4123-BDC6-276F4FF5240B}.Debug|ARM.ActiveCfg = Debug|Any CPU
		{BA18C2AF-410A-4123-BDC6-276F4FF5240B}.Debug|ARM.Build.0 = Debug|Any CPU
		{BA18C2AF-410A-4123-BDC6-276F4FF5240B}.Debug|x64.ActiveCfg = Debug|Any CPU
		{BA18C2AF-410A-4123-BDC6-276F4FF5240B}.Debug|x64.Build.0 = Debug|Any CPU
		{BA18C2AF-410A-4123-BDC6-276F4FF5240B}.Debug|x86.ActiveCfg = Debug|Any CPU
		{BA18C2AF-410A-4123-BDC6-276F4FF5240B}.Debug|x86.Build.0 = Debug|Any CPU
		{BA18C2AF-410A-4123-BDC6-276F4FF5240B}.Release|Any CPU.ActiveCfg = Release|Any CPU
		{BA18C2AF-410A-4123-BDC6-276F4FF5240B}.Release|Any CPU.Build.0 = Release|Any CPU
		{BA18C2AF-410A-4123-BDC6-276F4FF5240B}.Release|ARM.ActiveCfg = Release|Any CPU
		{BA18C2AF-410A-4123-BDC6-276F4FF5240B}.Release|ARM.Build.0 = Release|Any CPU
		{BA18C2AF-410A-4123-BDC6-276F4FF5240B}.Release|x64.ActiveCfg = Release|Any CPU
		{BA18C2AF-410A-4123-BDC6-276F4FF5240B}.Release|x64.Build.0 = Release|Any CPU
		{BA18C2AF-410A-4123-BDC6-276F4FF5240B}.Release|x86.ActiveCfg = Release|Any CPU
		{BA18C2AF-410A-4123-BDC6-276F4FF5240B}.Release|x86.Build.0 = Release|Any CPU
		{EBE45826-30A0-4B85-A8A7-24731B96EEAF}.Debug|Any CPU.ActiveCfg = Debug|Any CPU
		{EBE45826-30A0-4B85-A8A7-24731B96EEAF}.Debug|Any CPU.Build.0 = Debug|Any CPU
		{EBE45826-30A0-4B85-A8A7-24731B96EEAF}.Debug|ARM.ActiveCfg = Debug|Any CPU
		{EBE45826-30A0-4B85-A8A7-24731B96EEAF}.Debug|ARM.Build.0 = Debug|Any CPU
		{EBE45826-30A0-4B85-A8A7-24731B96EEAF}.Debug|x64.ActiveCfg = Debug|Any CPU
		{EBE45826-30A0-4B85-A8A7-24731B96EEAF}.Debug|x64.Build.0 = Debug|Any CPU
		{EBE45826-30A0-4B85-A8A7-24731B96EEAF}.Debug|x86.ActiveCfg = Debug|Any CPU
		{EBE45826-30A0-4B85-A8A7-24731B96EEAF}.Debug|x86.Build.0 = Debug|Any CPU
		{EBE45826-30A0-4B85-A8A7-24731B96EEAF}.Release|Any CPU.ActiveCfg = Release|Any CPU
		{EBE45826-30A0-4B85-A8A7-24731B96EEAF}.Release|Any CPU.Build.0 = Release|Any CPU
		{EBE45826-30A0-4B85-A8A7-24731B96EEAF}.Release|ARM.ActiveCfg = Release|Any CPU
		{EBE45826-30A0-4B85-A8A7-24731B96EEAF}.Release|ARM.Build.0 = Release|Any CPU
		{EBE45826-30A0-4B85-A8A7-24731B96EEAF}.Release|x64.ActiveCfg = Release|Any CPU
		{EBE45826-30A0-4B85-A8A7-24731B96EEAF}.Release|x64.Build.0 = Release|Any CPU
		{EBE45826-30A0-4B85-A8A7-24731B96EEAF}.Release|x86.ActiveCfg = Release|Any CPU
		{EBE45826-30A0-4B85-A8A7-24731B96EEAF}.Release|x86.Build.0 = Release|Any CPU
		{1B31B7D0-3956-477B-9CEF-5A602859DCE3}.Debug|Any CPU.ActiveCfg = Debug|Any CPU
		{1B31B7D0-3956-477B-9CEF-5A602859DCE3}.Debug|Any CPU.Build.0 = Debug|Any CPU
		{1B31B7D0-3956-477B-9CEF-5A602859DCE3}.Debug|ARM.ActiveCfg = Debug|Any CPU
		{1B31B7D0-3956-477B-9CEF-5A602859DCE3}.Debug|ARM.Build.0 = Debug|Any CPU
		{1B31B7D0-3956-477B-9CEF-5A602859DCE3}.Debug|x64.ActiveCfg = Debug|Any CPU
		{1B31B7D0-3956-477B-9CEF-5A602859DCE3}.Debug|x64.Build.0 = Debug|Any CPU
		{1B31B7D0-3956-477B-9CEF-5A602859DCE3}.Debug|x86.ActiveCfg = Debug|Any CPU
		{1B31B7D0-3956-477B-9CEF-5A602859DCE3}.Debug|x86.Build.0 = Debug|Any CPU
		{1B31B7D0-3956-477B-9CEF-5A602859DCE3}.Release|Any CPU.ActiveCfg = Release|Any CPU
		{1B31B7D0-3956-477B-9CEF-5A602859DCE3}.Release|Any CPU.Build.0 = Release|Any CPU
		{1B31B7D0-3956-477B-9CEF-5A602859DCE3}.Release|ARM.ActiveCfg = Release|Any CPU
		{1B31B7D0-3956-477B-9CEF-5A602859DCE3}.Release|ARM.Build.0 = Release|Any CPU
		{1B31B7D0-3956-477B-9CEF-5A602859DCE3}.Release|x64.ActiveCfg = Release|Any CPU
		{1B31B7D0-3956-477B-9CEF-5A602859DCE3}.Release|x64.Build.0 = Release|Any CPU
		{1B31B7D0-3956-477B-9CEF-5A602859DCE3}.Release|x86.ActiveCfg = Release|Any CPU
		{1B31B7D0-3956-477B-9CEF-5A602859DCE3}.Release|x86.Build.0 = Release|Any CPU
		{FF507E18-C53A-46E7-9AAA-CFA6D5E08B65}.Debug|Any CPU.ActiveCfg = Debug|Any CPU
		{FF507E18-C53A-46E7-9AAA-CFA6D5E08B65}.Debug|Any CPU.Build.0 = Debug|Any CPU
		{FF507E18-C53A-46E7-9AAA-CFA6D5E08B65}.Debug|ARM.ActiveCfg = Debug|Any CPU
		{FF507E18-C53A-46E7-9AAA-CFA6D5E08B65}.Debug|ARM.Build.0 = Debug|Any CPU
		{FF507E18-C53A-46E7-9AAA-CFA6D5E08B65}.Debug|x64.ActiveCfg = Debug|Any CPU
		{FF507E18-C53A-46E7-9AAA-CFA6D5E08B65}.Debug|x64.Build.0 = Debug|Any CPU
		{FF507E18-C53A-46E7-9AAA-CFA6D5E08B65}.Debug|x86.ActiveCfg = Debug|Any CPU
		{FF507E18-C53A-46E7-9AAA-CFA6D5E08B65}.Debug|x86.Build.0 = Debug|Any CPU
		{FF507E18-C53A-46E7-9AAA-CFA6D5E08B65}.Release|Any CPU.ActiveCfg = Release|Any CPU
		{FF507E18-C53A-46E7-9AAA-CFA6D5E08B65}.Release|Any CPU.Build.0 = Release|Any CPU
		{FF507E18-C53A-46E7-9AAA-CFA6D5E08B65}.Release|ARM.ActiveCfg = Release|Any CPU
		{FF507E18-C53A-46E7-9AAA-CFA6D5E08B65}.Release|ARM.Build.0 = Release|Any CPU
		{FF507E18-C53A-46E7-9AAA-CFA6D5E08B65}.Release|x64.ActiveCfg = Release|Any CPU
		{FF507E18-C53A-46E7-9AAA-CFA6D5E08B65}.Release|x64.Build.0 = Release|Any CPU
		{FF507E18-C53A-46E7-9AAA-CFA6D5E08B65}.Release|x86.ActiveCfg = Release|Any CPU
		{FF507E18-C53A-46E7-9AAA-CFA6D5E08B65}.Release|x86.Build.0 = Release|Any CPU
		{02786489-297D-4EC5-9C78-E5C74C7B0903}.Debug|Any CPU.ActiveCfg = Debug|Any CPU
		{02786489-297D-4EC5-9C78-E5C74C7B0903}.Debug|Any CPU.Build.0 = Debug|Any CPU
		{02786489-297D-4EC5-9C78-E5C74C7B0903}.Debug|ARM.ActiveCfg = Debug|Any CPU
		{02786489-297D-4EC5-9C78-E5C74C7B0903}.Debug|ARM.Build.0 = Debug|Any CPU
		{02786489-297D-4EC5-9C78-E5C74C7B0903}.Debug|x64.ActiveCfg = Debug|Any CPU
		{02786489-297D-4EC5-9C78-E5C74C7B0903}.Debug|x64.Build.0 = Debug|Any CPU
		{02786489-297D-4EC5-9C78-E5C74C7B0903}.Debug|x86.ActiveCfg = Debug|Any CPU
		{02786489-297D-4EC5-9C78-E5C74C7B0903}.Debug|x86.Build.0 = Debug|Any CPU
		{02786489-297D-4EC5-9C78-E5C74C7B0903}.Release|Any CPU.ActiveCfg = Release|Any CPU
		{02786489-297D-4EC5-9C78-E5C74C7B0903}.Release|Any CPU.Build.0 = Release|Any CPU
		{02786489-297D-4EC5-9C78-E5C74C7B0903}.Release|ARM.ActiveCfg = Release|Any CPU
		{02786489-297D-4EC5-9C78-E5C74C7B0903}.Release|ARM.Build.0 = Release|Any CPU
		{02786489-297D-4EC5-9C78-E5C74C7B0903}.Release|x64.ActiveCfg = Release|Any CPU
		{02786489-297D-4EC5-9C78-E5C74C7B0903}.Release|x64.Build.0 = Release|Any CPU
		{02786489-297D-4EC5-9C78-E5C74C7B0903}.Release|x86.ActiveCfg = Release|Any CPU
		{02786489-297D-4EC5-9C78-E5C74C7B0903}.Release|x86.Build.0 = Release|Any CPU
		{54980B46-D04C-4352-BE89-0AE143F1A631}.Debug|Any CPU.ActiveCfg = Debug|Any CPU
		{54980B46-D04C-4352-BE89-0AE143F1A631}.Debug|Any CPU.Build.0 = Debug|Any CPU
		{54980B46-D04C-4352-BE89-0AE143F1A631}.Debug|ARM.ActiveCfg = Debug|Any CPU
		{54980B46-D04C-4352-BE89-0AE143F1A631}.Debug|ARM.Build.0 = Debug|Any CPU
		{54980B46-D04C-4352-BE89-0AE143F1A631}.Debug|x64.ActiveCfg = Debug|Any CPU
		{54980B46-D04C-4352-BE89-0AE143F1A631}.Debug|x64.Build.0 = Debug|Any CPU
		{54980B46-D04C-4352-BE89-0AE143F1A631}.Debug|x86.ActiveCfg = Debug|Any CPU
		{54980B46-D04C-4352-BE89-0AE143F1A631}.Debug|x86.Build.0 = Debug|Any CPU
		{54980B46-D04C-4352-BE89-0AE143F1A631}.Release|Any CPU.ActiveCfg = Release|Any CPU
		{54980B46-D04C-4352-BE89-0AE143F1A631}.Release|Any CPU.Build.0 = Release|Any CPU
		{54980B46-D04C-4352-BE89-0AE143F1A631}.Release|ARM.ActiveCfg = Release|Any CPU
		{54980B46-D04C-4352-BE89-0AE143F1A631}.Release|ARM.Build.0 = Release|Any CPU
		{54980B46-D04C-4352-BE89-0AE143F1A631}.Release|x64.ActiveCfg = Release|Any CPU
		{54980B46-D04C-4352-BE89-0AE143F1A631}.Release|x64.Build.0 = Release|Any CPU
		{54980B46-D04C-4352-BE89-0AE143F1A631}.Release|x86.ActiveCfg = Release|Any CPU
		{54980B46-D04C-4352-BE89-0AE143F1A631}.Release|x86.Build.0 = Release|Any CPU
	EndGlobalSection
	GlobalSection(SolutionProperties) = preSolution
		HideSolutionNode = FALSE
	EndGlobalSection
EndGlobal
