
Microsoft Visual Studio Solution File, Format Version 12.00
# Visual Studio 15
VisualStudioVersion = 15.0.26403.7
MinimumVisualStudioVersion = 10.0.40219.1
Project("{FAE04EC0-301F-11D3-BF4B-00C04F79EFBC}") = "Practise for EXAM(19 march evening)", "Practise for EXAM\Practise for EXAM(19 march evening).csproj", "{98D86587-1D29-4C2C-B397-84BF838DAD26}"
EndProject
Project("{FAE04EC0-301F-11D3-BF4B-00C04F79EFBC}") = "Grape and Rakia", "Grape and Rakia\Grape and Rakia.csproj", "{3293B0F4-4E62-43EE-81E9-1D9234D4C2B0}"
EndProject
Project("{FAE04EC0-301F-11D3-BF4B-00C04F79EFBC}") = "Stiropor", "Stiropor\Stiropor.csproj", "{51BD3C7B-59CF-4BE1-B5D0-2A75928EDE16}"
EndProject
Project("{FAE04EC0-301F-11D3-BF4B-00C04F79EFBC}") = "Truck Driver", "Truck Driver\Truck Driver.csproj", "{5B8A8641-7746-48AC-828B-24243DED68CA}"
EndProject
Project("{FAE04EC0-301F-11D3-BF4B-00C04F79EFBC}") = "Mesechni razhodi", "Mesechni razhodi\Mesechni razhodi.csproj", "{0D94C81E-4B7F-4E74-8CC5-0A7F83BD87EA}"
EndProject
Project("{FAE04EC0-301F-11D3-BF4B-00C04F79EFBC}") = "Lektorski zaplati", "Paralelepiped\Lektorski zaplati.csproj", "{94F06A62-DFA1-4509-B236-338C22186C16}"
EndProject
Project("{FAE04EC0-301F-11D3-BF4B-00C04F79EFBC}") = "vakanciq", "vakanciq\vakanciq.csproj", "{D7AB4FD5-8A58-4AD7-8A3B-5492F34D0AEF}"
EndProject
Project("{FAE04EC0-301F-11D3-BF4B-00C04F79EFBC}") = "cups", "cups\cups.csproj", "{8ECB3F8F-C013-4D0A-AD09-2DD6B83E6B40}"
EndProject
Project("{FAE04EC0-301F-11D3-BF4B-00C04F79EFBC}") = "Paralelepiped figura", "Paralelepiped figura\Paralelepiped figura.csproj", "{75C5F4D7-564C-4DD2-9BF7-1A04BAE0C21F}"
EndProject
Project("{FAE04EC0-301F-11D3-BF4B-00C04F79EFBC}") = "Control number", "Control number\Control number.csproj", "{A61A1AF6-702E-4323-80B5-88B6630EC129}"
EndProject
Global
	GlobalSection(SolutionConfigurationPlatforms) = preSolution
		Debug|Any CPU = Debug|Any CPU
		Debug|ARM = Debug|ARM
		Debug|x64 = Debug|x64
		Debug|x86 = Debug|x86
		Release|Any CPU = Release|Any CPU
		Release|ARM = Release|ARM
		Release|x64 = Release|x64
		Release|x86 = Release|x86
	EndGlobalSection
	GlobalSection(ProjectConfigurationPlatforms) = postSolution
		{98D86587-1D29-4C2C-B397-84BF838DAD26}.Debug|Any CPU.ActiveCfg = Debug|x86
		{98D86587-1D29-4C2C-B397-84BF838DAD26}.Debug|ARM.ActiveCfg = Debug|ARM
		{98D86587-1D29-4C2C-B397-84BF838DAD26}.Debug|ARM.Build.0 = Debug|ARM
		{98D86587-1D29-4C2C-B397-84BF838DAD26}.Debug|ARM.Deploy.0 = Debug|ARM
		{98D86587-1D29-4C2C-B397-84BF838DAD26}.Debug|x64.ActiveCfg = Debug|x64
		{98D86587-1D29-4C2C-B397-84BF838DAD26}.Debug|x64.Build.0 = Debug|x64
		{98D86587-1D29-4C2C-B397-84BF838DAD26}.Debug|x64.Deploy.0 = Debug|x64
		{98D86587-1D29-4C2C-B397-84BF838DAD26}.Debug|x86.ActiveCfg = Debug|x86
		{98D86587-1D29-4C2C-B397-84BF838DAD26}.Debug|x86.Build.0 = Debug|x86
		{98D86587-1D29-4C2C-B397-84BF838DAD26}.Debug|x86.Deploy.0 = Debug|x86
		{98D86587-1D29-4C2C-B397-84BF838DAD26}.Release|Any CPU.ActiveCfg = Release|x86
		{98D86587-1D29-4C2C-B397-84BF838DAD26}.Release|ARM.ActiveCfg = Release|ARM
		{98D86587-1D29-4C2C-B397-84BF838DAD26}.Release|ARM.Build.0 = Release|ARM
		{98D86587-1D29-4C2C-B397-84BF838DAD26}.Release|ARM.Deploy.0 = Release|ARM
		{98D86587-1D29-4C2C-B397-84BF838DAD26}.Release|x64.ActiveCfg = Release|x64
		{98D86587-1D29-4C2C-B397-84BF838DAD26}.Release|x64.Build.0 = Release|x64
		{98D86587-1D29-4C2C-B397-84BF838DAD26}.Release|x64.Deploy.0 = Release|x64
		{98D86587-1D29-4C2C-B397-84BF838DAD26}.Release|x86.ActiveCfg = Release|x86
		{98D86587-1D29-4C2C-B397-84BF838DAD26}.Release|x86.Build.0 = Release|x86
		{98D86587-1D29-4C2C-B397-84BF838DAD26}.Release|x86.Deploy.0 = Release|x86
		{3293B0F4-4E62-43EE-81E9-1D9234D4C2B0}.Debug|Any CPU.ActiveCfg = Debug|Any CPU
		{3293B0F4-4E62-43EE-81E9-1D9234D4C2B0}.Debug|Any CPU.Build.0 = Debug|Any CPU
		{3293B0F4-4E62-43EE-81E9-1D9234D4C2B0}.Debug|ARM.ActiveCfg = Debug|Any CPU
		{3293B0F4-4E62-43EE-81E9-1D9234D4C2B0}.Debug|ARM.Build.0 = Debug|Any CPU
		{3293B0F4-4E62-43EE-81E9-1D9234D4C2B0}.Debug|x64.ActiveCfg = Debug|Any CPU
		{3293B0F4-4E62-43EE-81E9-1D9234D4C2B0}.Debug|x64.Build.0 = Debug|Any CPU
		{3293B0F4-4E62-43EE-81E9-1D9234D4C2B0}.Debug|x86.ActiveCfg = Debug|Any CPU
		{3293B0F4-4E62-43EE-81E9-1D9234D4C2B0}.Debug|x86.Build.0 = Debug|Any CPU
		{3293B0F4-4E62-43EE-81E9-1D9234D4C2B0}.Release|Any CPU.ActiveCfg = Release|Any CPU
		{3293B0F4-4E62-43EE-81E9-1D9234D4C2B0}.Release|Any CPU.Build.0 = Release|Any CPU
		{3293B0F4-4E62-43EE-81E9-1D9234D4C2B0}.Release|ARM.ActiveCfg = Release|Any CPU
		{3293B0F4-4E62-43EE-81E9-1D9234D4C2B0}.Release|ARM.Build.0 = Release|Any CPU
		{3293B0F4-4E62-43EE-81E9-1D9234D4C2B0}.Release|x64.ActiveCfg = Release|Any CPU
		{3293B0F4-4E62-43EE-81E9-1D9234D4C2B0}.Release|x64.Build.0 = Release|Any CPU
		{3293B0F4-4E62-43EE-81E9-1D9234D4C2B0}.Release|x86.ActiveCfg = Release|Any CPU
		{3293B0F4-4E62-43EE-81E9-1D9234D4C2B0}.Release|x86.Build.0 = Release|Any CPU
		{51BD3C7B-59CF-4BE1-B5D0-2A75928EDE16}.Debug|Any CPU.ActiveCfg = Debug|Any CPU
		{51BD3C7B-59CF-4BE1-B5D0-2A75928EDE16}.Debug|Any CPU.Build.0 = Debug|Any CPU
		{51BD3C7B-59CF-4BE1-B5D0-2A75928EDE16}.Debug|ARM.ActiveCfg = Debug|Any CPU
		{51BD3C7B-59CF-4BE1-B5D0-2A75928EDE16}.Debug|ARM.Build.0 = Debug|Any CPU
		{51BD3C7B-59CF-4BE1-B5D0-2A75928EDE16}.Debug|x64.ActiveCfg = Debug|Any CPU
		{51BD3C7B-59CF-4BE1-B5D0-2A75928EDE16}.Debug|x64.Build.0 = Debug|Any CPU
		{51BD3C7B-59CF-4BE1-B5D0-2A75928EDE16}.Debug|x86.ActiveCfg = Debug|Any CPU
		{51BD3C7B-59CF-4BE1-B5D0-2A75928EDE16}.Debug|x86.Build.0 = Debug|Any CPU
		{51BD3C7B-59CF-4BE1-B5D0-2A75928EDE16}.Release|Any CPU.ActiveCfg = Release|Any CPU
		{51BD3C7B-59CF-4BE1-B5D0-2A75928EDE16}.Release|Any CPU.Build.0 = Release|Any CPU
		{51BD3C7B-59CF-4BE1-B5D0-2A75928EDE16}.Release|ARM.ActiveCfg = Release|Any CPU
		{51BD3C7B-59CF-4BE1-B5D0-2A75928EDE16}.Release|ARM.Build.0 = Release|Any CPU
		{51BD3C7B-59CF-4BE1-B5D0-2A75928EDE16}.Release|x64.ActiveCfg = Release|Any CPU
		{51BD3C7B-59CF-4BE1-B5D0-2A75928EDE16}.Release|x64.Build.0 = Release|Any CPU
		{51BD3C7B-59CF-4BE1-B5D0-2A75928EDE16}.Release|x86.ActiveCfg = Release|Any CPU
		{51BD3C7B-59CF-4BE1-B5D0-2A75928EDE16}.Release|x86.Build.0 = Release|Any CPU
		{5B8A8641-7746-48AC-828B-24243DED68CA}.Debug|Any CPU.ActiveCfg = Debug|Any CPU
		{5B8A8641-7746-48AC-828B-24243DED68CA}.Debug|Any CPU.Build.0 = Debug|Any CPU
		{5B8A8641-7746-48AC-828B-24243DED68CA}.Debug|ARM.ActiveCfg = Debug|Any CPU
		{5B8A8641-7746-48AC-828B-24243DED68CA}.Debug|ARM.Build.0 = Debug|Any CPU
		{5B8A8641-7746-48AC-828B-24243DED68CA}.Debug|x64.ActiveCfg = Debug|Any CPU
		{5B8A8641-7746-48AC-828B-24243DED68CA}.Debug|x64.Build.0 = Debug|Any CPU
		{5B8A8641-7746-48AC-828B-24243DED68CA}.Debug|x86.ActiveCfg = Debug|Any CPU
		{5B8A8641-7746-48AC-828B-24243DED68CA}.Debug|x86.Build.0 = Debug|Any CPU
		{5B8A8641-7746-48AC-828B-24243DED68CA}.Release|Any CPU.ActiveCfg = Release|Any CPU
		{5B8A8641-7746-48AC-828B-24243DED68CA}.Release|Any CPU.Build.0 = Release|Any CPU
		{5B8A8641-7746-48AC-828B-24243DED68CA}.Release|ARM.ActiveCfg = Release|Any CPU
		{5B8A8641-7746-48AC-828B-24243DED68CA}.Release|ARM.Build.0 = Release|Any CPU
		{5B8A8641-7746-48AC-828B-24243DED68CA}.Release|x64.ActiveCfg = Release|Any CPU
		{5B8A8641-7746-48AC-828B-24243DED68CA}.Release|x64.Build.0 = Release|Any CPU
		{5B8A8641-7746-48AC-828B-24243DED68CA}.Release|x86.ActiveCfg = Release|Any CPU
		{5B8A8641-7746-48AC-828B-24243DED68CA}.Release|x86.Build.0 = Release|Any CPU
		{0D94C81E-4B7F-4E74-8CC5-0A7F83BD87EA}.Debug|Any CPU.ActiveCfg = Debug|Any CPU
		{0D94C81E-4B7F-4E74-8CC5-0A7F83BD87EA}.Debug|Any CPU.Build.0 = Debug|Any CPU
		{0D94C81E-4B7F-4E74-8CC5-0A7F83BD87EA}.Debug|ARM.ActiveCfg = Debug|Any CPU
		{0D94C81E-4B7F-4E74-8CC5-0A7F83BD87EA}.Debug|ARM.Build.0 = Debug|Any CPU
		{0D94C81E-4B7F-4E74-8CC5-0A7F83BD87EA}.Debug|x64.ActiveCfg = Debug|Any CPU
		{0D94C81E-4B7F-4E74-8CC5-0A7F83BD87EA}.Debug|x64.Build.0 = Debug|Any CPU
		{0D94C81E-4B7F-4E74-8CC5-0A7F83BD87EA}.Debug|x86.ActiveCfg = Debug|Any CPU
		{0D94C81E-4B7F-4E74-8CC5-0A7F83BD87EA}.Debug|x86.Build.0 = Debug|Any CPU
		{0D94C81E-4B7F-4E74-8CC5-0A7F83BD87EA}.Release|Any CPU.ActiveCfg = Release|Any CPU
		{0D94C81E-4B7F-4E74-8CC5-0A7F83BD87EA}.Release|Any CPU.Build.0 = Release|Any CPU
		{0D94C81E-4B7F-4E74-8CC5-0A7F83BD87EA}.Release|ARM.ActiveCfg = Release|Any CPU
		{0D94C81E-4B7F-4E74-8CC5-0A7F83BD87EA}.Release|ARM.Build.0 = Release|Any CPU
		{0D94C81E-4B7F-4E74-8CC5-0A7F83BD87EA}.Release|x64.ActiveCfg = Release|Any CPU
		{0D94C81E-4B7F-4E74-8CC5-0A7F83BD87EA}.Release|x64.Build.0 = Release|Any CPU
		{0D94C81E-4B7F-4E74-8CC5-0A7F83BD87EA}.Release|x86.ActiveCfg = Release|Any CPU
		{0D94C81E-4B7F-4E74-8CC5-0A7F83BD87EA}.Release|x86.Build.0 = Release|Any CPU
		{94F06A62-DFA1-4509-B236-338C22186C16}.Debug|Any CPU.ActiveCfg = Debug|Any CPU
		{94F06A62-DFA1-4509-B236-338C22186C16}.Debug|Any CPU.Build.0 = Debug|Any CPU
		{94F06A62-DFA1-4509-B236-338C22186C16}.Debug|ARM.ActiveCfg = Debug|Any CPU
		{94F06A62-DFA1-4509-B236-338C22186C16}.Debug|ARM.Build.0 = Debug|Any CPU
		{94F06A62-DFA1-4509-B236-338C22186C16}.Debug|x64.ActiveCfg = Debug|Any CPU
		{94F06A62-DFA1-4509-B236-338C22186C16}.Debug|x64.Build.0 = Debug|Any CPU
		{94F06A62-DFA1-4509-B236-338C22186C16}.Debug|x86.ActiveCfg = Debug|Any CPU
		{94F06A62-DFA1-4509-B236-338C22186C16}.Debug|x86.Build.0 = Debug|Any CPU
		{94F06A62-DFA1-4509-B236-338C22186C16}.Release|Any CPU.ActiveCfg = Release|Any CPU
		{94F06A62-DFA1-4509-B236-338C22186C16}.Release|Any CPU.Build.0 = Release|Any CPU
		{94F06A62-DFA1-4509-B236-338C22186C16}.Release|ARM.ActiveCfg = Release|Any CPU
		{94F06A62-DFA1-4509-B236-338C22186C16}.Release|ARM.Build.0 = Release|Any CPU
		{94F06A62-DFA1-4509-B236-338C22186C16}.Release|x64.ActiveCfg = Release|Any CPU
		{94F06A62-DFA1-4509-B236-338C22186C16}.Release|x64.Build.0 = Release|Any CPU
		{94F06A62-DFA1-4509-B236-338C22186C16}.Release|x86.ActiveCfg = Release|Any CPU
		{94F06A62-DFA1-4509-B236-338C22186C16}.Release|x86.Build.0 = Release|Any CPU
		{D7AB4FD5-8A58-4AD7-8A3B-5492F34D0AEF}.Debug|Any CPU.ActiveCfg = Debug|Any CPU
		{D7AB4FD5-8A58-4AD7-8A3B-5492F34D0AEF}.Debug|Any CPU.Build.0 = Debug|Any CPU
		{D7AB4FD5-8A58-4AD7-8A3B-5492F34D0AEF}.Debug|ARM.ActiveCfg = Debug|Any CPU
		{D7AB4FD5-8A58-4AD7-8A3B-5492F34D0AEF}.Debug|ARM.Build.0 = Debug|Any CPU
		{D7AB4FD5-8A58-4AD7-8A3B-5492F34D0AEF}.Debug|x64.ActiveCfg = Debug|Any CPU
		{D7AB4FD5-8A58-4AD7-8A3B-5492F34D0AEF}.Debug|x64.Build.0 = Debug|Any CPU
		{D7AB4FD5-8A58-4AD7-8A3B-5492F34D0AEF}.Debug|x86.ActiveCfg = Debug|Any CPU
		{D7AB4FD5-8A58-4AD7-8A3B-5492F34D0AEF}.Debug|x86.Build.0 = Debug|Any CPU
		{D7AB4FD5-8A58-4AD7-8A3B-5492F34D0AEF}.Release|Any CPU.ActiveCfg = Release|Any CPU
		{D7AB4FD5-8A58-4AD7-8A3B-5492F34D0AEF}.Release|Any CPU.Build.0 = Release|Any CPU
		{D7AB4FD5-8A58-4AD7-8A3B-5492F34D0AEF}.Release|ARM.ActiveCfg = Release|Any CPU
		{D7AB4FD5-8A58-4AD7-8A3B-5492F34D0AEF}.Release|ARM.Build.0 = Release|Any CPU
		{D7AB4FD5-8A58-4AD7-8A3B-5492F34D0AEF}.Release|x64.ActiveCfg = Release|Any CPU
		{D7AB4FD5-8A58-4AD7-8A3B-5492F34D0AEF}.Release|x64.Build.0 = Release|Any CPU
		{D7AB4FD5-8A58-4AD7-8A3B-5492F34D0AEF}.Release|x86.ActiveCfg = Release|Any CPU
		{D7AB4FD5-8A58-4AD7-8A3B-5492F34D0AEF}.Release|x86.Build.0 = Release|Any CPU
		{8ECB3F8F-C013-4D0A-AD09-2DD6B83E6B40}.Debug|Any CPU.ActiveCfg = Debug|Any CPU
		{8ECB3F8F-C013-4D0A-AD09-2DD6B83E6B40}.Debug|Any CPU.Build.0 = Debug|Any CPU
		{8ECB3F8F-C013-4D0A-AD09-2DD6B83E6B40}.Debug|ARM.ActiveCfg = Debug|Any CPU
		{8ECB3F8F-C013-4D0A-AD09-2DD6B83E6B40}.Debug|ARM.Build.0 = Debug|Any CPU
		{8ECB3F8F-C013-4D0A-AD09-2DD6B83E6B40}.Debug|x64.ActiveCfg = Debug|Any CPU
		{8ECB3F8F-C013-4D0A-AD09-2DD6B83E6B40}.Debug|x64.Build.0 = Debug|Any CPU
		{8ECB3F8F-C013-4D0A-AD09-2DD6B83E6B40}.Debug|x86.ActiveCfg = Debug|Any CPU
		{8ECB3F8F-C013-4D0A-AD09-2DD6B83E6B40}.Debug|x86.Build.0 = Debug|Any CPU
		{8ECB3F8F-C013-4D0A-AD09-2DD6B83E6B40}.Release|Any CPU.ActiveCfg = Release|Any CPU
		{8ECB3F8F-C013-4D0A-AD09-2DD6B83E6B40}.Release|Any CPU.Build.0 = Release|Any CPU
		{8ECB3F8F-C013-4D0A-AD09-2DD6B83E6B40}.Release|ARM.ActiveCfg = Release|Any CPU
		{8ECB3F8F-C013-4D0A-AD09-2DD6B83E6B40}.Release|ARM.Build.0 = Release|Any CPU
		{8ECB3F8F-C013-4D0A-AD09-2DD6B83E6B40}.Release|x64.ActiveCfg = Release|Any CPU
		{8ECB3F8F-C013-4D0A-AD09-2DD6B83E6B40}.Release|x64.Build.0 = Release|Any CPU
		{8ECB3F8F-C013-4D0A-AD09-2DD6B83E6B40}.Release|x86.ActiveCfg = Release|Any CPU
		{8ECB3F8F-C013-4D0A-AD09-2DD6B83E6B40}.Release|x86.Build.0 = Release|Any CPU
		{75C5F4D7-564C-4DD2-9BF7-1A04BAE0C21F}.Debug|Any CPU.ActiveCfg = Debug|Any CPU
		{75C5F4D7-564C-4DD2-9BF7-1A04BAE0C21F}.Debug|Any CPU.Build.0 = Debug|Any CPU
		{75C5F4D7-564C-4DD2-9BF7-1A04BAE0C21F}.Debug|ARM.ActiveCfg = Debug|Any CPU
		{75C5F4D7-564C-4DD2-9BF7-1A04BAE0C21F}.Debug|ARM.Build.0 = Debug|Any CPU
		{75C5F4D7-564C-4DD2-9BF7-1A04BAE0C21F}.Debug|x64.ActiveCfg = Debug|Any CPU
		{75C5F4D7-564C-4DD2-9BF7-1A04BAE0C21F}.Debug|x64.Build.0 = Debug|Any CPU
		{75C5F4D7-564C-4DD2-9BF7-1A04BAE0C21F}.Debug|x86.ActiveCfg = Debug|Any CPU
		{75C5F4D7-564C-4DD2-9BF7-1A04BAE0C21F}.Debug|x86.Build.0 = Debug|Any CPU
		{75C5F4D7-564C-4DD2-9BF7-1A04BAE0C21F}.Release|Any CPU.ActiveCfg = Release|Any CPU
		{75C5F4D7-564C-4DD2-9BF7-1A04BAE0C21F}.Release|Any CPU.Build.0 = Release|Any CPU
		{75C5F4D7-564C-4DD2-9BF7-1A04BAE0C21F}.Release|ARM.ActiveCfg = Release|Any CPU
		{75C5F4D7-564C-4DD2-9BF7-1A04BAE0C21F}.Release|ARM.Build.0 = Release|Any CPU
		{75C5F4D7-564C-4DD2-9BF7-1A04BAE0C21F}.Release|x64.ActiveCfg = Release|Any CPU
		{75C5F4D7-564C-4DD2-9BF7-1A04BAE0C21F}.Release|x64.Build.0 = Release|Any CPU
		{75C5F4D7-564C-4DD2-9BF7-1A04BAE0C21F}.Release|x86.ActiveCfg = Release|Any CPU
		{75C5F4D7-564C-4DD2-9BF7-1A04BAE0C21F}.Release|x86.Build.0 = Release|Any CPU
		{A61A1AF6-702E-4323-80B5-88B6630EC129}.Debug|Any CPU.ActiveCfg = Debug|Any CPU
		{A61A1AF6-702E-4323-80B5-88B6630EC129}.Debug|Any CPU.Build.0 = Debug|Any CPU
		{A61A1AF6-702E-4323-80B5-88B6630EC129}.Debug|ARM.ActiveCfg = Debug|Any CPU
		{A61A1AF6-702E-4323-80B5-88B6630EC129}.Debug|ARM.Build.0 = Debug|Any CPU
		{A61A1AF6-702E-4323-80B5-88B6630EC129}.Debug|x64.ActiveCfg = Debug|Any CPU
		{A61A1AF6-702E-4323-80B5-88B6630EC129}.Debug|x64.Build.0 = Debug|Any CPU
		{A61A1AF6-702E-4323-80B5-88B6630EC129}.Debug|x86.ActiveCfg = Debug|Any CPU
		{A61A1AF6-702E-4323-80B5-88B6630EC129}.Debug|x86.Build.0 = Debug|Any CPU
		{A61A1AF6-702E-4323-80B5-88B6630EC129}.Release|Any CPU.ActiveCfg = Release|Any CPU
		{A61A1AF6-702E-4323-80B5-88B6630EC129}.Release|Any CPU.Build.0 = Release|Any CPU
		{A61A1AF6-702E-4323-80B5-88B6630EC129}.Release|ARM.ActiveCfg = Release|Any CPU
		{A61A1AF6-702E-4323-80B5-88B6630EC129}.Release|ARM.Build.0 = Release|Any CPU
		{A61A1AF6-702E-4323-80B5-88B6630EC129}.Release|x64.ActiveCfg = Release|Any CPU
		{A61A1AF6-702E-4323-80B5-88B6630EC129}.Release|x64.Build.0 = Release|Any CPU
		{A61A1AF6-702E-4323-80B5-88B6630EC129}.Release|x86.ActiveCfg = Release|Any CPU
		{A61A1AF6-702E-4323-80B5-88B6630EC129}.Release|x86.Build.0 = Release|Any CPU
	EndGlobalSection
	GlobalSection(SolutionProperties) = preSolution
		HideSolutionNode = FALSE
	EndGlobalSection
EndGlobal
