
Microsoft Visual Studio Solution File, Format Version 12.00
# Visual Studio 15
VisualStudioVersion = 15.0.26403.7
MinimumVisualStudioVersion = 10.0.40219.1
Project("{FAE04EC0-301F-11D3-BF4B-00C04F79EFBC}") = "Povtoreniq(cikli)", "Povtoreniq(cikli)\Povtoreniq(cikli).csproj", "{93053312-F911-4ABF-B0EB-ED1258B2EF8D}"
EndProject
Project("{FAE04EC0-301F-11D3-BF4B-00C04F79EFBC}") = "chisla do 1000 zavyrshvashti na 7", "chisla do 1000 zavyrshvashti na 7\chisla do 1000 zavyrshvashti na 7.csproj", "{C1AA747E-E596-43E9-9B20-0301E3AD146B}"
EndProject
Project("{FAE04EC0-301F-11D3-BF4B-00C04F79EFBC}") = "ot A do Z", "ot A do Z\ot A do Z.csproj", "{8DC74BBC-FB2C-42ED-B92A-7DCC52C4C1FD}"
EndProject
Project("{FAE04EC0-301F-11D3-BF4B-00C04F79EFBC}") = "sumirane na chisla", "sumirane na chisla\sumirane na chisla.csproj", "{D7C74E06-2221-4BAA-AE07-A2B777B8D023}"
EndProject
Project("{FAE04EC0-301F-11D3-BF4B-00C04F79EFBC}") = "nai golqmoto chislo", "nai golqmoto chislo\nai golqmoto chislo.csproj", "{3F087DA6-EAE7-4975-A46A-32D5D0089ECF}"
EndProject
Project("{FAE04EC0-301F-11D3-BF4B-00C04F79EFBC}") = "po malkoto chislo", "po malkoto chislo\po malkoto chislo.csproj", "{98B88CF0-6053-4AD1-8B3A-B65689B0680E}"
EndProject
Project("{FAE04EC0-301F-11D3-BF4B-00C04F79EFBC}") = "lqva i dqsna suma", "lqva i dqsna suma\lqva i dqsna suma.csproj", "{7C08584C-2092-447F-844F-F042A6EC229B}"
EndProject
Project("{FAE04EC0-301F-11D3-BF4B-00C04F79EFBC}") = "Chetna ili Nechetna suma", "Chetna ili Nechetna suma\Chetna ili Nechetna suma.csproj", "{A63DDF3E-B12D-4987-ABA9-782E2F82C07F}"
EndProject
Project("{FAE04EC0-301F-11D3-BF4B-00C04F79EFBC}") = "Sumirane na glasni bukvi", "Sumirane na glasni bukvi\Sumirane na glasni bukvi.csproj", "{F49563F0-8986-4B01-B413-E2263E6D5727}"
EndProject
Global
	GlobalSection(SolutionConfigurationPlatforms) = preSolution
		Debug|Any CPU = Debug|Any CPU
		Debug|ARM = Debug|ARM
		Debug|x64 = Debug|x64
		Debug|x86 = Debug|x86
		Release|Any CPU = Release|Any CPU
		Release|ARM = Release|ARM
		Release|x64 = Release|x64
		Release|x86 = Release|x86
	EndGlobalSection
	GlobalSection(ProjectConfigurationPlatforms) = postSolution
		{93053312-F911-4ABF-B0EB-ED1258B2EF8D}.Debug|Any CPU.ActiveCfg = Debug|x86
		{93053312-F911-4ABF-B0EB-ED1258B2EF8D}.Debug|ARM.ActiveCfg = Debug|ARM
		{93053312-F911-4ABF-B0EB-ED1258B2EF8D}.Debug|ARM.Build.0 = Debug|ARM
		{93053312-F911-4ABF-B0EB-ED1258B2EF8D}.Debug|ARM.Deploy.0 = Debug|ARM
		{93053312-F911-4ABF-B0EB-ED1258B2EF8D}.Debug|x64.ActiveCfg = Debug|x64
		{93053312-F911-4ABF-B0EB-ED1258B2EF8D}.Debug|x64.Build.0 = Debug|x64
		{93053312-F911-4ABF-B0EB-ED1258B2EF8D}.Debug|x64.Deploy.0 = Debug|x64
		{93053312-F911-4ABF-B0EB-ED1258B2EF8D}.Debug|x86.ActiveCfg = Debug|x86
		{93053312-F911-4ABF-B0EB-ED1258B2EF8D}.Debug|x86.Build.0 = Debug|x86
		{93053312-F911-4ABF-B0EB-ED1258B2EF8D}.Debug|x86.Deploy.0 = Debug|x86
		{93053312-F911-4ABF-B0EB-ED1258B2EF8D}.Release|Any CPU.ActiveCfg = Release|x86
		{93053312-F911-4ABF-B0EB-ED1258B2EF8D}.Release|ARM.ActiveCfg = Release|ARM
		{93053312-F911-4ABF-B0EB-ED1258B2EF8D}.Release|ARM.Build.0 = Release|ARM
		{93053312-F911-4ABF-B0EB-ED1258B2EF8D}.Release|ARM.Deploy.0 = Release|ARM
		{93053312-F911-4ABF-B0EB-ED1258B2EF8D}.Release|x64.ActiveCfg = Release|x64
		{93053312-F911-4ABF-B0EB-ED1258B2EF8D}.Release|x64.Build.0 = Release|x64
		{93053312-F911-4ABF-B0EB-ED1258B2EF8D}.Release|x64.Deploy.0 = Release|x64
		{93053312-F911-4ABF-B0EB-ED1258B2EF8D}.Release|x86.ActiveCfg = Release|x86
		{93053312-F911-4ABF-B0EB-ED1258B2EF8D}.Release|x86.Build.0 = Release|x86
		{93053312-F911-4ABF-B0EB-ED1258B2EF8D}.Release|x86.Deploy.0 = Release|x86
		{C1AA747E-E596-43E9-9B20-0301E3AD146B}.Debug|Any CPU.ActiveCfg = Debug|Any CPU
		{C1AA747E-E596-43E9-9B20-0301E3AD146B}.Debug|Any CPU.Build.0 = Debug|Any CPU
		{C1AA747E-E596-43E9-9B20-0301E3AD146B}.Debug|ARM.ActiveCfg = Debug|Any CPU
		{C1AA747E-E596-43E9-9B20-0301E3AD146B}.Debug|ARM.Build.0 = Debug|Any CPU
		{C1AA747E-E596-43E9-9B20-0301E3AD146B}.Debug|x64.ActiveCfg = Debug|Any CPU
		{C1AA747E-E596-43E9-9B20-0301E3AD146B}.Debug|x64.Build.0 = Debug|Any CPU
		{C1AA747E-E596-43E9-9B20-0301E3AD146B}.Debug|x86.ActiveCfg = Debug|Any CPU
		{C1AA747E-E596-43E9-9B20-0301E3AD146B}.Debug|x86.Build.0 = Debug|Any CPU
		{C1AA747E-E596-43E9-9B20-0301E3AD146B}.Release|Any CPU.ActiveCfg = Release|Any CPU
		{C1AA747E-E596-43E9-9B20-0301E3AD146B}.Release|Any CPU.Build.0 = Release|Any CPU
		{C1AA747E-E596-43E9-9B20-0301E3AD146B}.Release|ARM.ActiveCfg = Release|Any CPU
		{C1AA747E-E596-43E9-9B20-0301E3AD146B}.Release|ARM.Build.0 = Release|Any CPU
		{C1AA747E-E596-43E9-9B20-0301E3AD146B}.Release|x64.ActiveCfg = Release|Any CPU
		{C1AA747E-E596-43E9-9B20-0301E3AD146B}.Release|x64.Build.0 = Release|Any CPU
		{C1AA747E-E596-43E9-9B20-0301E3AD146B}.Release|x86.ActiveCfg = Release|Any CPU
		{C1AA747E-E596-43E9-9B20-0301E3AD146B}.Release|x86.Build.0 = Release|Any CPU
		{8DC74BBC-FB2C-42ED-B92A-7DCC52C4C1FD}.Debug|Any CPU.ActiveCfg = Debug|Any CPU
		{8DC74BBC-FB2C-42ED-B92A-7DCC52C4C1FD}.Debug|Any CPU.Build.0 = Debug|Any CPU
		{8DC74BBC-FB2C-42ED-B92A-7DCC52C4C1FD}.Debug|ARM.ActiveCfg = Debug|Any CPU
		{8DC74BBC-FB2C-42ED-B92A-7DCC52C4C1FD}.Debug|ARM.Build.0 = Debug|Any CPU
		{8DC74BBC-FB2C-42ED-B92A-7DCC52C4C1FD}.Debug|x64.ActiveCfg = Debug|Any CPU
		{8DC74BBC-FB2C-42ED-B92A-7DCC52C4C1FD}.Debug|x64.Build.0 = Debug|Any CPU
		{8DC74BBC-FB2C-42ED-B92A-7DCC52C4C1FD}.Debug|x86.ActiveCfg = Debug|Any CPU
		{8DC74BBC-FB2C-42ED-B92A-7DCC52C4C1FD}.Debug|x86.Build.0 = Debug|Any CPU
		{8DC74BBC-FB2C-42ED-B92A-7DCC52C4C1FD}.Release|Any CPU.ActiveCfg = Release|Any CPU
		{8DC74BBC-FB2C-42ED-B92A-7DCC52C4C1FD}.Release|Any CPU.Build.0 = Release|Any CPU
		{8DC74BBC-FB2C-42ED-B92A-7DCC52C4C1FD}.Release|ARM.ActiveCfg = Release|Any CPU
		{8DC74BBC-FB2C-42ED-B92A-7DCC52C4C1FD}.Release|ARM.Build.0 = Release|Any CPU
		{8DC74BBC-FB2C-42ED-B92A-7DCC52C4C1FD}.Release|x64.ActiveCfg = Release|Any CPU
		{8DC74BBC-FB2C-42ED-B92A-7DCC52C4C1FD}.Release|x64.Build.0 = Release|Any CPU
		{8DC74BBC-FB2C-42ED-B92A-7DCC52C4C1FD}.Release|x86.ActiveCfg = Release|Any CPU
		{8DC74BBC-FB2C-42ED-B92A-7DCC52C4C1FD}.Release|x86.Build.0 = Release|Any CPU
		{D7C74E06-2221-4BAA-AE07-A2B777B8D023}.Debug|Any CPU.ActiveCfg = Debug|Any CPU
		{D7C74E06-2221-4BAA-AE07-A2B777B8D023}.Debug|Any CPU.Build.0 = Debug|Any CPU
		{D7C74E06-2221-4BAA-AE07-A2B777B8D023}.Debug|ARM.ActiveCfg = Debug|Any CPU
		{D7C74E06-2221-4BAA-AE07-A2B777B8D023}.Debug|ARM.Build.0 = Debug|Any CPU
		{D7C74E06-2221-4BAA-AE07-A2B777B8D023}.Debug|x64.ActiveCfg = Debug|Any CPU
		{D7C74E06-2221-4BAA-AE07-A2B777B8D023}.Debug|x64.Build.0 = Debug|Any CPU
		{D7C74E06-2221-4BAA-AE07-A2B777B8D023}.Debug|x86.ActiveCfg = Debug|Any CPU
		{D7C74E06-2221-4BAA-AE07-A2B777B8D023}.Debug|x86.Build.0 = Debug|Any CPU
		{D7C74E06-2221-4BAA-AE07-A2B777B8D023}.Release|Any CPU.ActiveCfg = Release|Any CPU
		{D7C74E06-2221-4BAA-AE07-A2B777B8D023}.Release|Any CPU.Build.0 = Release|Any CPU
		{D7C74E06-2221-4BAA-AE07-A2B777B8D023}.Release|ARM.ActiveCfg = Release|Any CPU
		{D7C74E06-2221-4BAA-AE07-A2B777B8D023}.Release|ARM.Build.0 = Release|Any CPU
		{D7C74E06-2221-4BAA-AE07-A2B777B8D023}.Release|x64.ActiveCfg = Release|Any CPU
		{D7C74E06-2221-4BAA-AE07-A2B777B8D023}.Release|x64.Build.0 = Release|Any CPU
		{D7C74E06-2221-4BAA-AE07-A2B777B8D023}.Release|x86.ActiveCfg = Release|Any CPU
		{D7C74E06-2221-4BAA-AE07-A2B777B8D023}.Release|x86.Build.0 = Release|Any CPU
		{3F087DA6-EAE7-4975-A46A-32D5D0089ECF}.Debug|Any CPU.ActiveCfg = Debug|Any CPU
		{3F087DA6-EAE7-4975-A46A-32D5D0089ECF}.Debug|Any CPU.Build.0 = Debug|Any CPU
		{3F087DA6-EAE7-4975-A46A-32D5D0089ECF}.Debug|ARM.ActiveCfg = Debug|Any CPU
		{3F087DA6-EAE7-4975-A46A-32D5D0089ECF}.Debug|ARM.Build.0 = Debug|Any CPU
		{3F087DA6-EAE7-4975-A46A-32D5D0089ECF}.Debug|x64.ActiveCfg = Debug|Any CPU
		{3F087DA6-EAE7-4975-A46A-32D5D0089ECF}.Debug|x64.Build.0 = Debug|Any CPU
		{3F087DA6-EAE7-4975-A46A-32D5D0089ECF}.Debug|x86.ActiveCfg = Debug|Any CPU
		{3F087DA6-EAE7-4975-A46A-32D5D0089ECF}.Debug|x86.Build.0 = Debug|Any CPU
		{3F087DA6-EAE7-4975-A46A-32D5D0089ECF}.Release|Any CPU.ActiveCfg = Release|Any CPU
		{3F087DA6-EAE7-4975-A46A-32D5D0089ECF}.Release|Any CPU.Build.0 = Release|Any CPU
		{3F087DA6-EAE7-4975-A46A-32D5D0089ECF}.Release|ARM.ActiveCfg = Release|Any CPU
		{3F087DA6-EAE7-4975-A46A-32D5D0089ECF}.Release|ARM.Build.0 = Release|Any CPU
		{3F087DA6-EAE7-4975-A46A-32D5D0089ECF}.Release|x64.ActiveCfg = Release|Any CPU
		{3F087DA6-EAE7-4975-A46A-32D5D0089ECF}.Release|x64.Build.0 = Release|Any CPU
		{3F087DA6-EAE7-4975-A46A-32D5D0089ECF}.Release|x86.ActiveCfg = Release|Any CPU
		{3F087DA6-EAE7-4975-A46A-32D5D0089ECF}.Release|x86.Build.0 = Release|Any CPU
		{98B88CF0-6053-4AD1-8B3A-B65689B0680E}.Debug|Any CPU.ActiveCfg = Debug|Any CPU
		{98B88CF0-6053-4AD1-8B3A-B65689B0680E}.Debug|Any CPU.Build.0 = Debug|Any CPU
		{98B88CF0-6053-4AD1-8B3A-B65689B0680E}.Debug|ARM.ActiveCfg = Debug|Any CPU
		{98B88CF0-6053-4AD1-8B3A-B65689B0680E}.Debug|ARM.Build.0 = Debug|Any CPU
		{98B88CF0-6053-4AD1-8B3A-B65689B0680E}.Debug|x64.ActiveCfg = Debug|Any CPU
		{98B88CF0-6053-4AD1-8B3A-B65689B0680E}.Debug|x64.Build.0 = Debug|Any CPU
		{98B88CF0-6053-4AD1-8B3A-B65689B0680E}.Debug|x86.ActiveCfg = Debug|Any CPU
		{98B88CF0-6053-4AD1-8B3A-B65689B0680E}.Debug|x86.Build.0 = Debug|Any CPU
		{98B88CF0-6053-4AD1-8B3A-B65689B0680E}.Release|Any CPU.ActiveCfg = Release|Any CPU
		{98B88CF0-6053-4AD1-8B3A-B65689B0680E}.Release|Any CPU.Build.0 = Release|Any CPU
		{98B88CF0-6053-4AD1-8B3A-B65689B0680E}.Release|ARM.ActiveCfg = Release|Any CPU
		{98B88CF0-6053-4AD1-8B3A-B65689B0680E}.Release|ARM.Build.0 = Release|Any CPU
		{98B88CF0-6053-4AD1-8B3A-B65689B0680E}.Release|x64.ActiveCfg = Release|Any CPU
		{98B88CF0-6053-4AD1-8B3A-B65689B0680E}.Release|x64.Build.0 = Release|Any CPU
		{98B88CF0-6053-4AD1-8B3A-B65689B0680E}.Release|x86.ActiveCfg = Release|Any CPU
		{98B88CF0-6053-4AD1-8B3A-B65689B0680E}.Release|x86.Build.0 = Release|Any CPU
		{7C08584C-2092-447F-844F-F042A6EC229B}.Debug|Any CPU.ActiveCfg = Debug|Any CPU
		{7C08584C-2092-447F-844F-F042A6EC229B}.Debug|Any CPU.Build.0 = Debug|Any CPU
		{7C08584C-2092-447F-844F-F042A6EC229B}.Debug|ARM.ActiveCfg = Debug|Any CPU
		{7C08584C-2092-447F-844F-F042A6EC229B}.Debug|ARM.Build.0 = Debug|Any CPU
		{7C08584C-2092-447F-844F-F042A6EC229B}.Debug|x64.ActiveCfg = Debug|Any CPU
		{7C08584C-2092-447F-844F-F042A6EC229B}.Debug|x64.Build.0 = Debug|Any CPU
		{7C08584C-2092-447F-844F-F042A6EC229B}.Debug|x86.ActiveCfg = Debug|Any CPU
		{7C08584C-2092-447F-844F-F042A6EC229B}.Debug|x86.Build.0 = Debug|Any CPU
		{7C08584C-2092-447F-844F-F042A6EC229B}.Release|Any CPU.ActiveCfg = Release|Any CPU
		{7C08584C-2092-447F-844F-F042A6EC229B}.Release|Any CPU.Build.0 = Release|Any CPU
		{7C08584C-2092-447F-844F-F042A6EC229B}.Release|ARM.ActiveCfg = Release|Any CPU
		{7C08584C-2092-447F-844F-F042A6EC229B}.Release|ARM.Build.0 = Release|Any CPU
		{7C08584C-2092-447F-844F-F042A6EC229B}.Release|x64.ActiveCfg = Release|Any CPU
		{7C08584C-2092-447F-844F-F042A6EC229B}.Release|x64.Build.0 = Release|Any CPU
		{7C08584C-2092-447F-844F-F042A6EC229B}.Release|x86.ActiveCfg = Release|Any CPU
		{7C08584C-2092-447F-844F-F042A6EC229B}.Release|x86.Build.0 = Release|Any CPU
		{A63DDF3E-B12D-4987-ABA9-782E2F82C07F}.Debug|Any CPU.ActiveCfg = Debug|Any CPU
		{A63DDF3E-B12D-4987-ABA9-782E2F82C07F}.Debug|Any CPU.Build.0 = Debug|Any CPU
		{A63DDF3E-B12D-4987-ABA9-782E2F82C07F}.Debug|ARM.ActiveCfg = Debug|Any CPU
		{A63DDF3E-B12D-4987-ABA9-782E2F82C07F}.Debug|ARM.Build.0 = Debug|Any CPU
		{A63DDF3E-B12D-4987-ABA9-782E2F82C07F}.Debug|x64.ActiveCfg = Debug|Any CPU
		{A63DDF3E-B12D-4987-ABA9-782E2F82C07F}.Debug|x64.Build.0 = Debug|Any CPU
		{A63DDF3E-B12D-4987-ABA9-782E2F82C07F}.Debug|x86.ActiveCfg = Debug|Any CPU
		{A63DDF3E-B12D-4987-ABA9-782E2F82C07F}.Debug|x86.Build.0 = Debug|Any CPU
		{A63DDF3E-B12D-4987-ABA9-782E2F82C07F}.Release|Any CPU.ActiveCfg = Release|Any CPU
		{A63DDF3E-B12D-4987-ABA9-782E2F82C07F}.Release|Any CPU.Build.0 = Release|Any CPU
		{A63DDF3E-B12D-4987-ABA9-782E2F82C07F}.Release|ARM.ActiveCfg = Release|Any CPU
		{A63DDF3E-B12D-4987-ABA9-782E2F82C07F}.Release|ARM.Build.0 = Release|Any CPU
		{A63DDF3E-B12D-4987-ABA9-782E2F82C07F}.Release|x64.ActiveCfg = Release|Any CPU
		{A63DDF3E-B12D-4987-ABA9-782E2F82C07F}.Release|x64.Build.0 = Release|Any CPU
		{A63DDF3E-B12D-4987-ABA9-782E2F82C07F}.Release|x86.ActiveCfg = Release|Any CPU
		{A63DDF3E-B12D-4987-ABA9-782E2F82C07F}.Release|x86.Build.0 = Release|Any CPU
		{F49563F0-8986-4B01-B413-E2263E6D5727}.Debug|Any CPU.ActiveCfg = Debug|Any CPU
		{F49563F0-8986-4B01-B413-E2263E6D5727}.Debug|Any CPU.Build.0 = Debug|Any CPU
		{F49563F0-8986-4B01-B413-E2263E6D5727}.Debug|ARM.ActiveCfg = Debug|Any CPU
		{F49563F0-8986-4B01-B413-E2263E6D5727}.Debug|ARM.Build.0 = Debug|Any CPU
		{F49563F0-8986-4B01-B413-E2263E6D5727}.Debug|x64.ActiveCfg = Debug|Any CPU
		{F49563F0-8986-4B01-B413-E2263E6D5727}.Debug|x64.Build.0 = Debug|Any CPU
		{F49563F0-8986-4B01-B413-E2263E6D5727}.Debug|x86.ActiveCfg = Debug|Any CPU
		{F49563F0-8986-4B01-B413-E2263E6D5727}.Debug|x86.Build.0 = Debug|Any CPU
		{F49563F0-8986-4B01-B413-E2263E6D5727}.Release|Any CPU.ActiveCfg = Release|Any CPU
		{F49563F0-8986-4B01-B413-E2263E6D5727}.Release|Any CPU.Build.0 = Release|Any CPU
		{F49563F0-8986-4B01-B413-E2263E6D5727}.Release|ARM.ActiveCfg = Release|Any CPU
		{F49563F0-8986-4B01-B413-E2263E6D5727}.Release|ARM.Build.0 = Release|Any CPU
		{F49563F0-8986-4B01-B413-E2263E6D5727}.Release|x64.ActiveCfg = Release|Any CPU
		{F49563F0-8986-4B01-B413-E2263E6D5727}.Release|x64.Build.0 = Release|Any CPU
		{F49563F0-8986-4B01-B413-E2263E6D5727}.Release|x86.ActiveCfg = Release|Any CPU
		{F49563F0-8986-4B01-B413-E2263E6D5727}.Release|x86.Build.0 = Release|Any CPU
	EndGlobalSection
	GlobalSection(SolutionProperties) = preSolution
		HideSolutionNode = FALSE
	EndGlobalSection
EndGlobal
