
Microsoft Visual Studio Solution File, Format Version 12.00
# Visual Studio 15
VisualStudioVersion = 15.0.26403.7
MinimumVisualStudioVersion = 10.0.40219.1
Project("{FAE04EC0-301F-11D3-BF4B-00C04F79EFBC}") = "Logicheski proverki", "Logicheski proverki\Logicheski proverki.csproj", "{1C585AE7-2ACF-41B8-AE1C-7D1CF300A79B}"
EndProject
Project("{FAE04EC0-301F-11D3-BF4B-00C04F79EFBC}") = "Proverka za OTL ocenka", "Proverka za OTL ocenka\Proverka za OTL ocenka.csproj", "{BA1EA0DB-B72A-462B-8435-083FE7CE5433}"
EndProject
Project("{FAE04EC0-301F-11D3-BF4B-00C04F79EFBC}") = "chetno ili nechetno", "chetno ili nechetno\chetno ili nechetno.csproj", "{B39E3FEB-1391-48A0-966A-A6A594DCD457}"
EndProject
Project("{FAE04EC0-301F-11D3-BF4B-00C04F79EFBC}") = "po golqmo chislo", "po golqmo chislo\po golqmo chislo.csproj", "{240DC4FC-B914-4E5A-8B6E-CC46211468A3}"
EndProject
Project("{FAE04EC0-301F-11D3-BF4B-00C04F79EFBC}") = "0 to 9 in text", "0 to 9 in text\0 to 9 in text.csproj", "{146ACF17-E757-4EEE-B9B4-4E4948456AC8}"
EndProject
Project("{FAE04EC0-301F-11D3-BF4B-00C04F79EFBC}") = "Bonus Tochki", "Bonus Tochki\Bonus Tochki.csproj", "{1570321C-E888-44A4-8206-26F8814B07F9}"
EndProject
Project("{FAE04EC0-301F-11D3-BF4B-00C04F79EFBC}") = "sumirane na sekundi", "sumirane na sekundi\sumirane na sekundi.csproj", "{B78B0E38-04BE-483A-9E20-48F4CD181649}"
EndProject
Project("{FAE04EC0-301F-11D3-BF4B-00C04F79EFBC}") = "KonvertorNaMerniEdinici", "KonvertorNaMerniEdinici\KonvertorNaMerniEdinici.csproj", "{60850EC3-A14A-448A-A4FF-EA07A4844F2C}"
EndProject
Project("{FAE04EC0-301F-11D3-BF4B-00C04F79EFBC}") = "Password correct or wrong", "Password correct or wrong\Password correct or wrong.csproj", "{097C19F6-7B35-48D6-9FC0-E9D19F021777}"
EndProject
Project("{FAE04EC0-301F-11D3-BF4B-00C04F79EFBC}") = "chislo nad ili pod 200", "chislo nad ili pod 200\chislo nad ili pod 200.csproj", "{20D8B97C-A540-44D9-ADFF-43E0823317A3}"
EndProject
Project("{FAE04EC0-301F-11D3-BF4B-00C04F79EFBC}") = "2 dumi dali sa ednakvi proverka", "2 dumi dali sa ednakvi proverka\2 dumi dali sa ednakvi proverka.csproj", "{2BA9BE44-45D2-4A00-B8B7-4B347B55688A}"
EndProject
Project("{FAE04EC0-301F-11D3-BF4B-00C04F79EFBC}") = "speed", "speed\speed.csproj", "{68F8A5FD-B57C-409B-98E4-48C0A2FE9321}"
EndProject
Project("{FAE04EC0-301F-11D3-BF4B-00C04F79EFBC}") = "lica na figuri", "lica na figuri\lica na figuri.csproj", "{BD42A88F-DC28-4572-9556-8AF6DACC8A2A}"
EndProject
Project("{FAE04EC0-301F-11D3-BF4B-00C04F79EFBC}") = "Vreme+15min", "Vreme+15min\Vreme+15min.csproj", "{1694E915-706C-468C-A756-EBE1F649BB0B}"
EndProject
Project("{FAE04EC0-301F-11D3-BF4B-00C04F79EFBC}") = "ednakvi 3 chisla", "ednakvi 3 chisla\ednakvi 3 chisla.csproj", "{99793362-2442-4EF1-BB3E-71CE4A0A5C86}"
EndProject
Project("{FAE04EC0-301F-11D3-BF4B-00C04F79EFBC}") = "0 to 100 in text", "0 to 100 in text\0 to 100 in text.csproj", "{00FE4E6B-51C4-4051-BB74-DE3D2C8F20F8}"
EndProject
Global
	GlobalSection(SolutionConfigurationPlatforms) = preSolution
		Debug|Any CPU = Debug|Any CPU
		Debug|ARM = Debug|ARM
		Debug|x64 = Debug|x64
		Debug|x86 = Debug|x86
		Release|Any CPU = Release|Any CPU
		Release|ARM = Release|ARM
		Release|x64 = Release|x64
		Release|x86 = Release|x86
	EndGlobalSection
	GlobalSection(ProjectConfigurationPlatforms) = postSolution
		{1C585AE7-2ACF-41B8-AE1C-7D1CF300A79B}.Debug|Any CPU.ActiveCfg = Debug|x86
		{1C585AE7-2ACF-41B8-AE1C-7D1CF300A79B}.Debug|ARM.ActiveCfg = Debug|ARM
		{1C585AE7-2ACF-41B8-AE1C-7D1CF300A79B}.Debug|ARM.Build.0 = Debug|ARM
		{1C585AE7-2ACF-41B8-AE1C-7D1CF300A79B}.Debug|ARM.Deploy.0 = Debug|ARM
		{1C585AE7-2ACF-41B8-AE1C-7D1CF300A79B}.Debug|x64.ActiveCfg = Debug|x64
		{1C585AE7-2ACF-41B8-AE1C-7D1CF300A79B}.Debug|x64.Build.0 = Debug|x64
		{1C585AE7-2ACF-41B8-AE1C-7D1CF300A79B}.Debug|x64.Deploy.0 = Debug|x64
		{1C585AE7-2ACF-41B8-AE1C-7D1CF300A79B}.Debug|x86.ActiveCfg = Debug|x86
		{1C585AE7-2ACF-41B8-AE1C-7D1CF300A79B}.Debug|x86.Build.0 = Debug|x86
		{1C585AE7-2ACF-41B8-AE1C-7D1CF300A79B}.Debug|x86.Deploy.0 = Debug|x86
		{1C585AE7-2ACF-41B8-AE1C-7D1CF300A79B}.Release|Any CPU.ActiveCfg = Release|x86
		{1C585AE7-2ACF-41B8-AE1C-7D1CF300A79B}.Release|ARM.ActiveCfg = Release|ARM
		{1C585AE7-2ACF-41B8-AE1C-7D1CF300A79B}.Release|ARM.Build.0 = Release|ARM
		{1C585AE7-2ACF-41B8-AE1C-7D1CF300A79B}.Release|ARM.Deploy.0 = Release|ARM
		{1C585AE7-2ACF-41B8-AE1C-7D1CF300A79B}.Release|x64.ActiveCfg = Release|x64
		{1C585AE7-2ACF-41B8-AE1C-7D1CF300A79B}.Release|x64.Build.0 = Release|x64
		{1C585AE7-2ACF-41B8-AE1C-7D1CF300A79B}.Release|x64.Deploy.0 = Release|x64
		{1C585AE7-2ACF-41B8-AE1C-7D1CF300A79B}.Release|x86.ActiveCfg = Release|x86
		{1C585AE7-2ACF-41B8-AE1C-7D1CF300A79B}.Release|x86.Build.0 = Release|x86
		{1C585AE7-2ACF-41B8-AE1C-7D1CF300A79B}.Release|x86.Deploy.0 = Release|x86
		{BA1EA0DB-B72A-462B-8435-083FE7CE5433}.Debug|Any CPU.ActiveCfg = Debug|Any CPU
		{BA1EA0DB-B72A-462B-8435-083FE7CE5433}.Debug|Any CPU.Build.0 = Debug|Any CPU
		{BA1EA0DB-B72A-462B-8435-083FE7CE5433}.Debug|ARM.ActiveCfg = Debug|Any CPU
		{BA1EA0DB-B72A-462B-8435-083FE7CE5433}.Debug|ARM.Build.0 = Debug|Any CPU
		{BA1EA0DB-B72A-462B-8435-083FE7CE5433}.Debug|x64.ActiveCfg = Debug|Any CPU
		{BA1EA0DB-B72A-462B-8435-083FE7CE5433}.Debug|x64.Build.0 = Debug|Any CPU
		{BA1EA0DB-B72A-462B-8435-083FE7CE5433}.Debug|x86.ActiveCfg = Debug|Any CPU
		{BA1EA0DB-B72A-462B-8435-083FE7CE5433}.Debug|x86.Build.0 = Debug|Any CPU
		{BA1EA0DB-B72A-462B-8435-083FE7CE5433}.Release|Any CPU.ActiveCfg = Release|Any CPU
		{BA1EA0DB-B72A-462B-8435-083FE7CE5433}.Release|Any CPU.Build.0 = Release|Any CPU
		{BA1EA0DB-B72A-462B-8435-083FE7CE5433}.Release|ARM.ActiveCfg = Release|Any CPU
		{BA1EA0DB-B72A-462B-8435-083FE7CE5433}.Release|ARM.Build.0 = Release|Any CPU
		{BA1EA0DB-B72A-462B-8435-083FE7CE5433}.Release|x64.ActiveCfg = Release|Any CPU
		{BA1EA0DB-B72A-462B-8435-083FE7CE5433}.Release|x64.Build.0 = Release|Any CPU
		{BA1EA0DB-B72A-462B-8435-083FE7CE5433}.Release|x86.ActiveCfg = Release|Any CPU
		{BA1EA0DB-B72A-462B-8435-083FE7CE5433}.Release|x86.Build.0 = Release|Any CPU
		{B39E3FEB-1391-48A0-966A-A6A594DCD457}.Debug|Any CPU.ActiveCfg = Debug|Any CPU
		{B39E3FEB-1391-48A0-966A-A6A594DCD457}.Debug|Any CPU.Build.0 = Debug|Any CPU
		{B39E3FEB-1391-48A0-966A-A6A594DCD457}.Debug|ARM.ActiveCfg = Debug|Any CPU
		{B39E3FEB-1391-48A0-966A-A6A594DCD457}.Debug|ARM.Build.0 = Debug|Any CPU
		{B39E3FEB-1391-48A0-966A-A6A594DCD457}.Debug|x64.ActiveCfg = Debug|Any CPU
		{B39E3FEB-1391-48A0-966A-A6A594DCD457}.Debug|x64.Build.0 = Debug|Any CPU
		{B39E3FEB-1391-48A0-966A-A6A594DCD457}.Debug|x86.ActiveCfg = Debug|Any CPU
		{B39E3FEB-1391-48A0-966A-A6A594DCD457}.Debug|x86.Build.0 = Debug|Any CPU
		{B39E3FEB-1391-48A0-966A-A6A594DCD457}.Release|Any CPU.ActiveCfg = Release|Any CPU
		{B39E3FEB-1391-48A0-966A-A6A594DCD457}.Release|Any CPU.Build.0 = Release|Any CPU
		{B39E3FEB-1391-48A0-966A-A6A594DCD457}.Release|ARM.ActiveCfg = Release|Any CPU
		{B39E3FEB-1391-48A0-966A-A6A594DCD457}.Release|ARM.Build.0 = Release|Any CPU
		{B39E3FEB-1391-48A0-966A-A6A594DCD457}.Release|x64.ActiveCfg = Release|Any CPU
		{B39E3FEB-1391-48A0-966A-A6A594DCD457}.Release|x64.Build.0 = Release|Any CPU
		{B39E3FEB-1391-48A0-966A-A6A594DCD457}.Release|x86.ActiveCfg = Release|Any CPU
		{B39E3FEB-1391-48A0-966A-A6A594DCD457}.Release|x86.Build.0 = Release|Any CPU
		{240DC4FC-B914-4E5A-8B6E-CC46211468A3}.Debug|Any CPU.ActiveCfg = Debug|Any CPU
		{240DC4FC-B914-4E5A-8B6E-CC46211468A3}.Debug|Any CPU.Build.0 = Debug|Any CPU
		{240DC4FC-B914-4E5A-8B6E-CC46211468A3}.Debug|ARM.ActiveCfg = Debug|Any CPU
		{240DC4FC-B914-4E5A-8B6E-CC46211468A3}.Debug|ARM.Build.0 = Debug|Any CPU
		{240DC4FC-B914-4E5A-8B6E-CC46211468A3}.Debug|x64.ActiveCfg = Debug|Any CPU
		{240DC4FC-B914-4E5A-8B6E-CC46211468A3}.Debug|x64.Build.0 = Debug|Any CPU
		{240DC4FC-B914-4E5A-8B6E-CC46211468A3}.Debug|x86.ActiveCfg = Debug|Any CPU
		{240DC4FC-B914-4E5A-8B6E-CC46211468A3}.Debug|x86.Build.0 = Debug|Any CPU
		{240DC4FC-B914-4E5A-8B6E-CC46211468A3}.Release|Any CPU.ActiveCfg = Release|Any CPU
		{240DC4FC-B914-4E5A-8B6E-CC46211468A3}.Release|Any CPU.Build.0 = Release|Any CPU
		{240DC4FC-B914-4E5A-8B6E-CC46211468A3}.Release|ARM.ActiveCfg = Release|Any CPU
		{240DC4FC-B914-4E5A-8B6E-CC46211468A3}.Release|ARM.Build.0 = Release|Any CPU
		{240DC4FC-B914-4E5A-8B6E-CC46211468A3}.Release|x64.ActiveCfg = Release|Any CPU
		{240DC4FC-B914-4E5A-8B6E-CC46211468A3}.Release|x64.Build.0 = Release|Any CPU
		{240DC4FC-B914-4E5A-8B6E-CC46211468A3}.Release|x86.ActiveCfg = Release|Any CPU
		{240DC4FC-B914-4E5A-8B6E-CC46211468A3}.Release|x86.Build.0 = Release|Any CPU
		{146ACF17-E757-4EEE-B9B4-4E4948456AC8}.Debug|Any CPU.ActiveCfg = Debug|Any CPU
		{146ACF17-E757-4EEE-B9B4-4E4948456AC8}.Debug|Any CPU.Build.0 = Debug|Any CPU
		{146ACF17-E757-4EEE-B9B4-4E4948456AC8}.Debug|ARM.ActiveCfg = Debug|Any CPU
		{146ACF17-E757-4EEE-B9B4-4E4948456AC8}.Debug|ARM.Build.0 = Debug|Any CPU
		{146ACF17-E757-4EEE-B9B4-4E4948456AC8}.Debug|x64.ActiveCfg = Debug|Any CPU
		{146ACF17-E757-4EEE-B9B4-4E4948456AC8}.Debug|x64.Build.0 = Debug|Any CPU
		{146ACF17-E757-4EEE-B9B4-4E4948456AC8}.Debug|x86.ActiveCfg = Debug|Any CPU
		{146ACF17-E757-4EEE-B9B4-4E4948456AC8}.Debug|x86.Build.0 = Debug|Any CPU
		{146ACF17-E757-4EEE-B9B4-4E4948456AC8}.Release|Any CPU.ActiveCfg = Release|Any CPU
		{146ACF17-E757-4EEE-B9B4-4E4948456AC8}.Release|Any CPU.Build.0 = Release|Any CPU
		{146ACF17-E757-4EEE-B9B4-4E4948456AC8}.Release|ARM.ActiveCfg = Release|Any CPU
		{146ACF17-E757-4EEE-B9B4-4E4948456AC8}.Release|ARM.Build.0 = Release|Any CPU
		{146ACF17-E757-4EEE-B9B4-4E4948456AC8}.Release|x64.ActiveCfg = Release|Any CPU
		{146ACF17-E757-4EEE-B9B4-4E4948456AC8}.Release|x64.Build.0 = Release|Any CPU
		{146ACF17-E757-4EEE-B9B4-4E4948456AC8}.Release|x86.ActiveCfg = Release|Any CPU
		{146ACF17-E757-4EEE-B9B4-4E4948456AC8}.Release|x86.Build.0 = Release|Any CPU
		{1570321C-E888-44A4-8206-26F8814B07F9}.Debug|Any CPU.ActiveCfg = Debug|Any CPU
		{1570321C-E888-44A4-8206-26F8814B07F9}.Debug|Any CPU.Build.0 = Debug|Any CPU
		{1570321C-E888-44A4-8206-26F8814B07F9}.Debug|ARM.ActiveCfg = Debug|Any CPU
		{1570321C-E888-44A4-8206-26F8814B07F9}.Debug|ARM.Build.0 = Debug|Any CPU
		{1570321C-E888-44A4-8206-26F8814B07F9}.Debug|x64.ActiveCfg = Debug|Any CPU
		{1570321C-E888-44A4-8206-26F8814B07F9}.Debug|x64.Build.0 = Debug|Any CPU
		{1570321C-E888-44A4-8206-26F8814B07F9}.Debug|x86.ActiveCfg = Debug|Any CPU
		{1570321C-E888-44A4-8206-26F8814B07F9}.Debug|x86.Build.0 = Debug|Any CPU
		{1570321C-E888-44A4-8206-26F8814B07F9}.Release|Any CPU.ActiveCfg = Release|Any CPU
		{1570321C-E888-44A4-8206-26F8814B07F9}.Release|Any CPU.Build.0 = Release|Any CPU
		{1570321C-E888-44A4-8206-26F8814B07F9}.Release|ARM.ActiveCfg = Release|Any CPU
		{1570321C-E888-44A4-8206-26F8814B07F9}.Release|ARM.Build.0 = Release|Any CPU
		{1570321C-E888-44A4-8206-26F8814B07F9}.Release|x64.ActiveCfg = Release|Any CPU
		{1570321C-E888-44A4-8206-26F8814B07F9}.Release|x64.Build.0 = Release|Any CPU
		{1570321C-E888-44A4-8206-26F8814B07F9}.Release|x86.ActiveCfg = Release|Any CPU
		{1570321C-E888-44A4-8206-26F8814B07F9}.Release|x86.Build.0 = Release|Any CPU
		{B78B0E38-04BE-483A-9E20-48F4CD181649}.Debug|Any CPU.ActiveCfg = Debug|Any CPU
		{B78B0E38-04BE-483A-9E20-48F4CD181649}.Debug|Any CPU.Build.0 = Debug|Any CPU
		{B78B0E38-04BE-483A-9E20-48F4CD181649}.Debug|ARM.ActiveCfg = Debug|Any CPU
		{B78B0E38-04BE-483A-9E20-48F4CD181649}.Debug|ARM.Build.0 = Debug|Any CPU
		{B78B0E38-04BE-483A-9E20-48F4CD181649}.Debug|x64.ActiveCfg = Debug|Any CPU
		{B78B0E38-04BE-483A-9E20-48F4CD181649}.Debug|x64.Build.0 = Debug|Any CPU
		{B78B0E38-04BE-483A-9E20-48F4CD181649}.Debug|x86.ActiveCfg = Debug|Any CPU
		{B78B0E38-04BE-483A-9E20-48F4CD181649}.Debug|x86.Build.0 = Debug|Any CPU
		{B78B0E38-04BE-483A-9E20-48F4CD181649}.Release|Any CPU.ActiveCfg = Release|Any CPU
		{B78B0E38-04BE-483A-9E20-48F4CD181649}.Release|Any CPU.Build.0 = Release|Any CPU
		{B78B0E38-04BE-483A-9E20-48F4CD181649}.Release|ARM.ActiveCfg = Release|Any CPU
		{B78B0E38-04BE-483A-9E20-48F4CD181649}.Release|ARM.Build.0 = Release|Any CPU
		{B78B0E38-04BE-483A-9E20-48F4CD181649}.Release|x64.ActiveCfg = Release|Any CPU
		{B78B0E38-04BE-483A-9E20-48F4CD181649}.Release|x64.Build.0 = Release|Any CPU
		{B78B0E38-04BE-483A-9E20-48F4CD181649}.Release|x86.ActiveCfg = Release|Any CPU
		{B78B0E38-04BE-483A-9E20-48F4CD181649}.Release|x86.Build.0 = Release|Any CPU
		{60850EC3-A14A-448A-A4FF-EA07A4844F2C}.Debug|Any CPU.ActiveCfg = Debug|Any CPU
		{60850EC3-A14A-448A-A4FF-EA07A4844F2C}.Debug|Any CPU.Build.0 = Debug|Any CPU
		{60850EC3-A14A-448A-A4FF-EA07A4844F2C}.Debug|ARM.ActiveCfg = Debug|Any CPU
		{60850EC3-A14A-448A-A4FF-EA07A4844F2C}.Debug|ARM.Build.0 = Debug|Any CPU
		{60850EC3-A14A-448A-A4FF-EA07A4844F2C}.Debug|x64.ActiveCfg = Debug|Any CPU
		{60850EC3-A14A-448A-A4FF-EA07A4844F2C}.Debug|x64.Build.0 = Debug|Any CPU
		{60850EC3-A14A-448A-A4FF-EA07A4844F2C}.Debug|x86.ActiveCfg = Debug|Any CPU
		{60850EC3-A14A-448A-A4FF-EA07A4844F2C}.Debug|x86.Build.0 = Debug|Any CPU
		{60850EC3-A14A-448A-A4FF-EA07A4844F2C}.Release|Any CPU.ActiveCfg = Release|Any CPU
		{60850EC3-A14A-448A-A4FF-EA07A4844F2C}.Release|Any CPU.Build.0 = Release|Any CPU
		{60850EC3-A14A-448A-A4FF-EA07A4844F2C}.Release|ARM.ActiveCfg = Release|Any CPU
		{60850EC3-A14A-448A-A4FF-EA07A4844F2C}.Release|ARM.Build.0 = Release|Any CPU
		{60850EC3-A14A-448A-A4FF-EA07A4844F2C}.Release|x64.ActiveCfg = Release|Any CPU
		{60850EC3-A14A-448A-A4FF-EA07A4844F2C}.Release|x64.Build.0 = Release|Any CPU
		{60850EC3-A14A-448A-A4FF-EA07A4844F2C}.Release|x86.ActiveCfg = Release|Any CPU
		{60850EC3-A14A-448A-A4FF-EA07A4844F2C}.Release|x86.Build.0 = Release|Any CPU
		{097C19F6-7B35-48D6-9FC0-E9D19F021777}.Debug|Any CPU.ActiveCfg = Debug|Any CPU
		{097C19F6-7B35-48D6-9FC0-E9D19F021777}.Debug|Any CPU.Build.0 = Debug|Any CPU
		{097C19F6-7B35-48D6-9FC0-E9D19F021777}.Debug|ARM.ActiveCfg = Debug|Any CPU
		{097C19F6-7B35-48D6-9FC0-E9D19F021777}.Debug|ARM.Build.0 = Debug|Any CPU
		{097C19F6-7B35-48D6-9FC0-E9D19F021777}.Debug|x64.ActiveCfg = Debug|Any CPU
		{097C19F6-7B35-48D6-9FC0-E9D19F021777}.Debug|x64.Build.0 = Debug|Any CPU
		{097C19F6-7B35-48D6-9FC0-E9D19F021777}.Debug|x86.ActiveCfg = Debug|Any CPU
		{097C19F6-7B35-48D6-9FC0-E9D19F021777}.Debug|x86.Build.0 = Debug|Any CPU
		{097C19F6-7B35-48D6-9FC0-E9D19F021777}.Release|Any CPU.ActiveCfg = Release|Any CPU
		{097C19F6-7B35-48D6-9FC0-E9D19F021777}.Release|Any CPU.Build.0 = Release|Any CPU
		{097C19F6-7B35-48D6-9FC0-E9D19F021777}.Release|ARM.ActiveCfg = Release|Any CPU
		{097C19F6-7B35-48D6-9FC0-E9D19F021777}.Release|ARM.Build.0 = Release|Any CPU
		{097C19F6-7B35-48D6-9FC0-E9D19F021777}.Release|x64.ActiveCfg = Release|Any CPU
		{097C19F6-7B35-48D6-9FC0-E9D19F021777}.Release|x64.Build.0 = Release|Any CPU
		{097C19F6-7B35-48D6-9FC0-E9D19F021777}.Release|x86.ActiveCfg = Release|Any CPU
		{097C19F6-7B35-48D6-9FC0-E9D19F021777}.Release|x86.Build.0 = Release|Any CPU
		{20D8B97C-A540-44D9-ADFF-43E0823317A3}.Debug|Any CPU.ActiveCfg = Debug|Any CPU
		{20D8B97C-A540-44D9-ADFF-43E0823317A3}.Debug|Any CPU.Build.0 = Debug|Any CPU
		{20D8B97C-A540-44D9-ADFF-43E0823317A3}.Debug|ARM.ActiveCfg = Debug|Any CPU
		{20D8B97C-A540-44D9-ADFF-43E0823317A3}.Debug|ARM.Build.0 = Debug|Any CPU
		{20D8B97C-A540-44D9-ADFF-43E0823317A3}.Debug|x64.ActiveCfg = Debug|Any CPU
		{20D8B97C-A540-44D9-ADFF-43E0823317A3}.Debug|x64.Build.0 = Debug|Any CPU
		{20D8B97C-A540-44D9-ADFF-43E0823317A3}.Debug|x86.ActiveCfg = Debug|Any CPU
		{20D8B97C-A540-44D9-ADFF-43E0823317A3}.Debug|x86.Build.0 = Debug|Any CPU
		{20D8B97C-A540-44D9-ADFF-43E0823317A3}.Release|Any CPU.ActiveCfg = Release|Any CPU
		{20D8B97C-A540-44D9-ADFF-43E0823317A3}.Release|Any CPU.Build.0 = Release|Any CPU
		{20D8B97C-A540-44D9-ADFF-43E0823317A3}.Release|ARM.ActiveCfg = Release|Any CPU
		{20D8B97C-A540-44D9-ADFF-43E0823317A3}.Release|ARM.Build.0 = Release|Any CPU
		{20D8B97C-A540-44D9-ADFF-43E0823317A3}.Release|x64.ActiveCfg = Release|Any CPU
		{20D8B97C-A540-44D9-ADFF-43E0823317A3}.Release|x64.Build.0 = Release|Any CPU
		{20D8B97C-A540-44D9-ADFF-43E0823317A3}.Release|x86.ActiveCfg = Release|Any CPU
		{20D8B97C-A540-44D9-ADFF-43E0823317A3}.Release|x86.Build.0 = Release|Any CPU
		{2BA9BE44-45D2-4A00-B8B7-4B347B55688A}.Debug|Any CPU.ActiveCfg = Debug|Any CPU
		{2BA9BE44-45D2-4A00-B8B7-4B347B55688A}.Debug|Any CPU.Build.0 = Debug|Any CPU
		{2BA9BE44-45D2-4A00-B8B7-4B347B55688A}.Debug|ARM.ActiveCfg = Debug|Any CPU
		{2BA9BE44-45D2-4A00-B8B7-4B347B55688A}.Debug|ARM.Build.0 = Debug|Any CPU
		{2BA9BE44-45D2-4A00-B8B7-4B347B55688A}.Debug|x64.ActiveCfg = Debug|Any CPU
		{2BA9BE44-45D2-4A00-B8B7-4B347B55688A}.Debug|x64.Build.0 = Debug|Any CPU
		{2BA9BE44-45D2-4A00-B8B7-4B347B55688A}.Debug|x86.ActiveCfg = Debug|Any CPU
		{2BA9BE44-45D2-4A00-B8B7-4B347B55688A}.Debug|x86.Build.0 = Debug|Any CPU
		{2BA9BE44-45D2-4A00-B8B7-4B347B55688A}.Release|Any CPU.ActiveCfg = Release|Any CPU
		{2BA9BE44-45D2-4A00-B8B7-4B347B55688A}.Release|Any CPU.Build.0 = Release|Any CPU
		{2BA9BE44-45D2-4A00-B8B7-4B347B55688A}.Release|ARM.ActiveCfg = Release|Any CPU
		{2BA9BE44-45D2-4A00-B8B7-4B347B55688A}.Release|ARM.Build.0 = Release|Any CPU
		{2BA9BE44-45D2-4A00-B8B7-4B347B55688A}.Release|x64.ActiveCfg = Release|Any CPU
		{2BA9BE44-45D2-4A00-B8B7-4B347B55688A}.Release|x64.Build.0 = Release|Any CPU
		{2BA9BE44-45D2-4A00-B8B7-4B347B55688A}.Release|x86.ActiveCfg = Release|Any CPU
		{2BA9BE44-45D2-4A00-B8B7-4B347B55688A}.Release|x86.Build.0 = Release|Any CPU
		{68F8A5FD-B57C-409B-98E4-48C0A2FE9321}.Debug|Any CPU.ActiveCfg = Debug|Any CPU
		{68F8A5FD-B57C-409B-98E4-48C0A2FE9321}.Debug|Any CPU.Build.0 = Debug|Any CPU
		{68F8A5FD-B57C-409B-98E4-48C0A2FE9321}.Debug|ARM.ActiveCfg = Debug|Any CPU
		{68F8A5FD-B57C-409B-98E4-48C0A2FE9321}.Debug|ARM.Build.0 = Debug|Any CPU
		{68F8A5FD-B57C-409B-98E4-48C0A2FE9321}.Debug|x64.ActiveCfg = Debug|Any CPU
		{68F8A5FD-B57C-409B-98E4-48C0A2FE9321}.Debug|x64.Build.0 = Debug|Any CPU
		{68F8A5FD-B57C-409B-98E4-48C0A2FE9321}.Debug|x86.ActiveCfg = Debug|Any CPU
		{68F8A5FD-B57C-409B-98E4-48C0A2FE9321}.Debug|x86.Build.0 = Debug|Any CPU
		{68F8A5FD-B57C-409B-98E4-48C0A2FE9321}.Release|Any CPU.ActiveCfg = Release|Any CPU
		{68F8A5FD-B57C-409B-98E4-48C0A2FE9321}.Release|Any CPU.Build.0 = Release|Any CPU
		{68F8A5FD-B57C-409B-98E4-48C0A2FE9321}.Release|ARM.ActiveCfg = Release|Any CPU
		{68F8A5FD-B57C-409B-98E4-48C0A2FE9321}.Release|ARM.Build.0 = Release|Any CPU
		{68F8A5FD-B57C-409B-98E4-48C0A2FE9321}.Release|x64.ActiveCfg = Release|Any CPU
		{68F8A5FD-B57C-409B-98E4-48C0A2FE9321}.Release|x64.Build.0 = Release|Any CPU
		{68F8A5FD-B57C-409B-98E4-48C0A2FE9321}.Release|x86.ActiveCfg = Release|Any CPU
		{68F8A5FD-B57C-409B-98E4-48C0A2FE9321}.Release|x86.Build.0 = Release|Any CPU
		{BD42A88F-DC28-4572-9556-8AF6DACC8A2A}.Debug|Any CPU.ActiveCfg = Debug|Any CPU
		{BD42A88F-DC28-4572-9556-8AF6DACC8A2A}.Debug|Any CPU.Build.0 = Debug|Any CPU
		{BD42A88F-DC28-4572-9556-8AF6DACC8A2A}.Debug|ARM.ActiveCfg = Debug|Any CPU
		{BD42A88F-DC28-4572-9556-8AF6DACC8A2A}.Debug|ARM.Build.0 = Debug|Any CPU
		{BD42A88F-DC28-4572-9556-8AF6DACC8A2A}.Debug|x64.ActiveCfg = Debug|Any CPU
		{BD42A88F-DC28-4572-9556-8AF6DACC8A2A}.Debug|x64.Build.0 = Debug|Any CPU
		{BD42A88F-DC28-4572-9556-8AF6DACC8A2A}.Debug|x86.ActiveCfg = Debug|Any CPU
		{BD42A88F-DC28-4572-9556-8AF6DACC8A2A}.Debug|x86.Build.0 = Debug|Any CPU
		{BD42A88F-DC28-4572-9556-8AF6DACC8A2A}.Release|Any CPU.ActiveCfg = Release|Any CPU
		{BD42A88F-DC28-4572-9556-8AF6DACC8A2A}.Release|Any CPU.Build.0 = Release|Any CPU
		{BD42A88F-DC28-4572-9556-8AF6DACC8A2A}.Release|ARM.ActiveCfg = Release|Any CPU
		{BD42A88F-DC28-4572-9556-8AF6DACC8A2A}.Release|ARM.Build.0 = Release|Any CPU
		{BD42A88F-DC28-4572-9556-8AF6DACC8A2A}.Release|x64.ActiveCfg = Release|Any CPU
		{BD42A88F-DC28-4572-9556-8AF6DACC8A2A}.Release|x64.Build.0 = Release|Any CPU
		{BD42A88F-DC28-4572-9556-8AF6DACC8A2A}.Release|x86.ActiveCfg = Release|Any CPU
		{BD42A88F-DC28-4572-9556-8AF6DACC8A2A}.Release|x86.Build.0 = Release|Any CPU
		{1694E915-706C-468C-A756-EBE1F649BB0B}.Debug|Any CPU.ActiveCfg = Debug|Any CPU
		{1694E915-706C-468C-A756-EBE1F649BB0B}.Debug|Any CPU.Build.0 = Debug|Any CPU
		{1694E915-706C-468C-A756-EBE1F649BB0B}.Debug|ARM.ActiveCfg = Debug|Any CPU
		{1694E915-706C-468C-A756-EBE1F649BB0B}.Debug|ARM.Build.0 = Debug|Any CPU
		{1694E915-706C-468C-A756-EBE1F649BB0B}.Debug|x64.ActiveCfg = Debug|Any CPU
		{1694E915-706C-468C-A756-EBE1F649BB0B}.Debug|x64.Build.0 = Debug|Any CPU
		{1694E915-706C-468C-A756-EBE1F649BB0B}.Debug|x86.ActiveCfg = Debug|Any CPU
		{1694E915-706C-468C-A756-EBE1F649BB0B}.Debug|x86.Build.0 = Debug|Any CPU
		{1694E915-706C-468C-A756-EBE1F649BB0B}.Release|Any CPU.ActiveCfg = Release|Any CPU
		{1694E915-706C-468C-A756-EBE1F649BB0B}.Release|Any CPU.Build.0 = Release|Any CPU
		{1694E915-706C-468C-A756-EBE1F649BB0B}.Release|ARM.ActiveCfg = Release|Any CPU
		{1694E915-706C-468C-A756-EBE1F649BB0B}.Release|ARM.Build.0 = Release|Any CPU
		{1694E915-706C-468C-A756-EBE1F649BB0B}.Release|x64.ActiveCfg = Release|Any CPU
		{1694E915-706C-468C-A756-EBE1F649BB0B}.Release|x64.Build.0 = Release|Any CPU
		{1694E915-706C-468C-A756-EBE1F649BB0B}.Release|x86.ActiveCfg = Release|Any CPU
		{1694E915-706C-468C-A756-EBE1F649BB0B}.Release|x86.Build.0 = Release|Any CPU
		{99793362-2442-4EF1-BB3E-71CE4A0A5C86}.Debug|Any CPU.ActiveCfg = Debug|Any CPU
		{99793362-2442-4EF1-BB3E-71CE4A0A5C86}.Debug|Any CPU.Build.0 = Debug|Any CPU
		{99793362-2442-4EF1-BB3E-71CE4A0A5C86}.Debug|ARM.ActiveCfg = Debug|Any CPU
		{99793362-2442-4EF1-BB3E-71CE4A0A5C86}.Debug|ARM.Build.0 = Debug|Any CPU
		{99793362-2442-4EF1-BB3E-71CE4A0A5C86}.Debug|x64.ActiveCfg = Debug|Any CPU
		{99793362-2442-4EF1-BB3E-71CE4A0A5C86}.Debug|x64.Build.0 = Debug|Any CPU
		{99793362-2442-4EF1-BB3E-71CE4A0A5C86}.Debug|x86.ActiveCfg = Debug|Any CPU
		{99793362-2442-4EF1-BB3E-71CE4A0A5C86}.Debug|x86.Build.0 = Debug|Any CPU
		{99793362-2442-4EF1-BB3E-71CE4A0A5C86}.Release|Any CPU.ActiveCfg = Release|Any CPU
		{99793362-2442-4EF1-BB3E-71CE4A0A5C86}.Release|Any CPU.Build.0 = Release|Any CPU
		{99793362-2442-4EF1-BB3E-71CE4A0A5C86}.Release|ARM.ActiveCfg = Release|Any CPU
		{99793362-2442-4EF1-BB3E-71CE4A0A5C86}.Release|ARM.Build.0 = Release|Any CPU
		{99793362-2442-4EF1-BB3E-71CE4A0A5C86}.Release|x64.ActiveCfg = Release|Any CPU
		{99793362-2442-4EF1-BB3E-71CE4A0A5C86}.Release|x64.Build.0 = Release|Any CPU
		{99793362-2442-4EF1-BB3E-71CE4A0A5C86}.Release|x86.ActiveCfg = Release|Any CPU
		{99793362-2442-4EF1-BB3E-71CE4A0A5C86}.Release|x86.Build.0 = Release|Any CPU
		{00FE4E6B-51C4-4051-BB74-DE3D2C8F20F8}.Debug|Any CPU.ActiveCfg = Debug|Any CPU
		{00FE4E6B-51C4-4051-BB74-DE3D2C8F20F8}.Debug|Any CPU.Build.0 = Debug|Any CPU
		{00FE4E6B-51C4-4051-BB74-DE3D2C8F20F8}.Debug|ARM.ActiveCfg = Debug|Any CPU
		{00FE4E6B-51C4-4051-BB74-DE3D2C8F20F8}.Debug|ARM.Build.0 = Debug|Any CPU
		{00FE4E6B-51C4-4051-BB74-DE3D2C8F20F8}.Debug|x64.ActiveCfg = Debug|Any CPU
		{00FE4E6B-51C4-4051-BB74-DE3D2C8F20F8}.Debug|x64.Build.0 = Debug|Any CPU
		{00FE4E6B-51C4-4051-BB74-DE3D2C8F20F8}.Debug|x86.ActiveCfg = Debug|Any CPU
		{00FE4E6B-51C4-4051-BB74-DE3D2C8F20F8}.Debug|x86.Build.0 = Debug|Any CPU
		{00FE4E6B-51C4-4051-BB74-DE3D2C8F20F8}.Release|Any CPU.ActiveCfg = Release|Any CPU
		{00FE4E6B-51C4-4051-BB74-DE3D2C8F20F8}.Release|Any CPU.Build.0 = Release|Any CPU
		{00FE4E6B-51C4-4051-BB74-DE3D2C8F20F8}.Release|ARM.ActiveCfg = Release|Any CPU
		{00FE4E6B-51C4-4051-BB74-DE3D2C8F20F8}.Release|ARM.Build.0 = Release|Any CPU
		{00FE4E6B-51C4-4051-BB74-DE3D2C8F20F8}.Release|x64.ActiveCfg = Release|Any CPU
		{00FE4E6B-51C4-4051-BB74-DE3D2C8F20F8}.Release|x64.Build.0 = Release|Any CPU
		{00FE4E6B-51C4-4051-BB74-DE3D2C8F20F8}.Release|x86.ActiveCfg = Release|Any CPU
		{00FE4E6B-51C4-4051-BB74-DE3D2C8F20F8}.Release|x86.Build.0 = Release|Any CPU
	EndGlobalSection
	GlobalSection(SolutionProperties) = preSolution
		HideSolutionNode = FALSE
	EndGlobalSection
EndGlobal
